// !$*UTF8*$!
{
	archiveVersion = 1;
	classes = {
	};
	objectVersion = 46;
	objects = {

/* Begin PBXBuildFile section */
		8B035EBF1D8AC180009379CD /* StoreDetailsTableViewCell.swift in Sources */ = {isa = PBXBuildFile; fileRef = 8B035EBE1D8AC180009379CD /* StoreDetailsTableViewCell.swift */; };
		8B0DB8371D92A69A00801B96 /* CoreLocation.framework in Frameworks */ = {isa = PBXBuildFile; fileRef = 8B0DB8361D92A69A00801B96 /* CoreLocation.framework */; };
		8B2AEDC01D87F716002E76E5 /* StoreDetailsTableViewController.swift in Sources */ = {isa = PBXBuildFile; fileRef = 8B2AEDBF1D87F716002E76E5 /* StoreDetailsTableViewController.swift */; };
		8B2AEDC21D882426002E76E5 /* ImageModel.swift in Sources */ = {isa = PBXBuildFile; fileRef = 8B2AEDC11D882426002E76E5 /* ImageModel.swift */; };
		8B2AEDC41D882F92002E76E5 /* Store.swift in Sources */ = {isa = PBXBuildFile; fileRef = 8B2AEDC31D882F92002E76E5 /* Store.swift */; };
		8B2AEDC61D883270002E76E5 /* DayModel.swift in Sources */ = {isa = PBXBuildFile; fileRef = 8B2AEDC51D883270002E76E5 /* DayModel.swift */; };
		8B2AEDC81D884160002E76E5 /* StoresList.plist in Resources */ = {isa = PBXBuildFile; fileRef = 8B2AEDC71D884160002E76E5 /* StoresList.plist */; };
		8B5EB4E11D8FE57800E94A3F /* Globus.xcdatamodeld in Sources */ = {isa = PBXBuildFile; fileRef = 8B5EB4DF1D8FE57800E94A3F /* Globus.xcdatamodeld */; };
		8B75D94C1D8295D0007FFC5E /* CoreData.framework in Frameworks */ = {isa = PBXBuildFile; fileRef = 8B75D9491D8295D0007FFC5E /* CoreData.framework */; };
		8B75D94D1D8295D0007FFC5E /* libsqlite3.tbd in Frameworks */ = {isa = PBXBuildFile; fileRef = 8B75D94A1D8295D0007FFC5E /* libsqlite3.tbd */; };
		8B75D94E1D8295D0007FFC5E /* libz.tbd in Frameworks */ = {isa = PBXBuildFile; fileRef = 8B75D94B1D8295D0007FFC5E /* libz.tbd */; };
		8B75D9501D8295DF007FFC5E /* SystemConfiguration.framework in Frameworks */ = {isa = PBXBuildFile; fileRef = 8B75D94F1D8295DF007FFC5E /* SystemConfiguration.framework */; };
		8B75D9541D8296D6007FFC5E /* libGoogleAnalyticsServices.a in Frameworks */ = {isa = PBXBuildFile; fileRef = 8B75D9531D8296D6007FFC5E /* libGoogleAnalyticsServices.a */; };
		8B7E11C91D8BE72900EAB74D /* Vouchers.storyboard in Resources */ = {isa = PBXBuildFile; fileRef = 8B7E11C81D8BE72900EAB74D /* Vouchers.storyboard */; };
		8B7E11CB1D8BE87D00EAB74D /* VoucherListTableViewController.swift in Sources */ = {isa = PBXBuildFile; fileRef = 8B7E11CA1D8BE87D00EAB74D /* VoucherListTableViewController.swift */; };
		8B8350821D869A600052B671 /* Login.storyboard in Resources */ = {isa = PBXBuildFile; fileRef = 8B8350811D869A600052B671 /* Login.storyboard */; };
		8B8350841D86A64C0052B671 /* CardScanViewController.swift in Sources */ = {isa = PBXBuildFile; fileRef = 8B8350831D86A64C0052B671 /* CardScanViewController.swift */; };
		8B8350861D86CABE0052B671 /* RegistrationViewController.swift in Sources */ = {isa = PBXBuildFile; fileRef = 8B8350851D86CABE0052B671 /* RegistrationViewController.swift */; };
		8B8350891D86D4D70052B671 /* TabsController.storyboard in Resources */ = {isa = PBXBuildFile; fileRef = 8B8350881D86D4D70052B671 /* TabsController.storyboard */; };
		8B83508C1D86D8B90052B671 /* Stores.storyboard in Resources */ = {isa = PBXBuildFile; fileRef = 8B83508B1D86D8B90052B671 /* Stores.storyboard */; };
		8B8B6DE51D912E5F00BD8612 /* Vouchers.plist in Resources */ = {isa = PBXBuildFile; fileRef = 8B8B6DE41D912E5F00BD8612 /* Vouchers.plist */; };
		8BA5E5291D86E675005F6498 /* StoresListTableViewController.swift in Sources */ = {isa = PBXBuildFile; fileRef = 8BA5E5281D86E675005F6498 /* StoresListTableViewController.swift */; };
		8BA5E52C1D86EE7C005F6498 /* StoreTableViewCell.swift in Sources */ = {isa = PBXBuildFile; fileRef = 8BA5E52B1D86EE7C005F6498 /* StoreTableViewCell.swift */; };
		8BAA3E841D8BF51D00B87E0D /* VoucherTableViewCell.swift in Sources */ = {isa = PBXBuildFile; fileRef = 8BAA3E831D8BF51D00B87E0D /* VoucherTableViewCell.swift */; };
		8BBF0DF61D9005FF00CEC25E /* CoreDataController.swift in Sources */ = {isa = PBXBuildFile; fileRef = 8BBF0DF51D9005FF00CEC25E /* CoreDataController.swift */; };
		8BBF0DF81D90168A00CEC25E /* CoreDataStack.swift in Sources */ = {isa = PBXBuildFile; fileRef = 8BBF0DF71D90168A00CEC25E /* CoreDataStack.swift */; };
		8BBF0DFD1D901FB400CEC25E /* VoucherDetailsTableViewController.swift in Sources */ = {isa = PBXBuildFile; fileRef = 8BBF0DFC1D901FB400CEC25E /* VoucherDetailsTableViewController.swift */; };
		8BEDC8501D50F01C00DD4812 /* AppDelegate.swift in Sources */ = {isa = PBXBuildFile; fileRef = 8BEDC84F1D50F01C00DD4812 /* AppDelegate.swift */; };
		8BEDC8521D50F01C00DD4812 /* MainViewController.swift in Sources */ = {isa = PBXBuildFile; fileRef = 8BEDC8511D50F01C00DD4812 /* MainViewController.swift */; };
		8BEDC8551D50F01C00DD4812 /* Main.storyboard in Resources */ = {isa = PBXBuildFile; fileRef = 8BEDC8531D50F01C00DD4812 /* Main.storyboard */; };
		8BEDC8571D50F01C00DD4812 /* Assets.xcassets in Resources */ = {isa = PBXBuildFile; fileRef = 8BEDC8561D50F01C00DD4812 /* Assets.xcassets */; };
		8BEDC85A1D50F01C00DD4812 /* LaunchScreen.storyboard in Resources */ = {isa = PBXBuildFile; fileRef = 8BEDC8581D50F01C00DD4812 /* LaunchScreen.storyboard */; };
		8BEDC8691D50F17D00DD4812 /* AEApplicationNetwork.swift in Sources */ = {isa = PBXBuildFile; fileRef = 8BEDC8681D50F17D00DD4812 /* AEApplicationNetwork.swift */; };
		8BEDC86B1D50F19600DD4812 /* AEApplicationInfo.swift in Sources */ = {isa = PBXBuildFile; fileRef = 8BEDC86A1D50F19600DD4812 /* AEApplicationInfo.swift */; };
		8BEDC86E1D50F1A500DD4812 /* AEApplicationEnvironments.swift in Sources */ = {isa = PBXBuildFile; fileRef = 8BEDC86D1D50F1A500DD4812 /* AEApplicationEnvironments.swift */; };
		8BEDC8701D50F1A900DD4812 /* AEApplicationConfig.swift in Sources */ = {isa = PBXBuildFile; fileRef = 8BEDC86F1D50F1A900DD4812 /* AEApplicationConfig.swift */; };
		8BEDC8851D50F38300DD4812 /* Globus_Tests.swift in Sources */ = {isa = PBXBuildFile; fileRef = 8BEDC8841D50F38300DD4812 /* Globus_Tests.swift */; };
		8BEDC8981D50F38E00DD4812 /* Globus_UITests.swift in Sources */ = {isa = PBXBuildFile; fileRef = 8BEDC8971D50F38E00DD4812 /* Globus_UITests.swift */; };
		E0544D341D82B5E800A5ADA3 /* IntroViewController.swift in Sources */ = {isa = PBXBuildFile; fileRef = E0544D331D82B5E800A5ADA3 /* IntroViewController.swift */; };
		E0544D361D86964500A5ADA3 /* UnderlineTextButton.swift in Sources */ = {isa = PBXBuildFile; fileRef = E0544D351D86964500A5ADA3 /* UnderlineTextButton.swift */; };
		E0AC3EB31D88211D00DCC06E /* PushPermissionViewController.swift in Sources */ = {isa = PBXBuildFile; fileRef = E0AC3EB21D88211D00DCC06E /* PushPermissionViewController.swift */; };
		E0AC3EB51D88213900DCC06E /* Localizable.strings in Resources */ = {isa = PBXBuildFile; fileRef = E0AC3EB41D88213900DCC06E /* Localizable.strings */; };
		E0AC3EB71D88214A00DCC06E /* PushPermission.storyboard in Resources */ = {isa = PBXBuildFile; fileRef = E0AC3EB61D88214A00DCC06E /* PushPermission.storyboard */; };
/* End PBXBuildFile section */

/* Begin PBXContainerItemProxy section */
		8BEDC8871D50F38300DD4812 /* PBXContainerItemProxy */ = {
			isa = PBXContainerItemProxy;
			containerPortal = 8BEDC8441D50F01C00DD4812 /* Project object */;
			proxyType = 1;
			remoteGlobalIDString = 8BEDC84B1D50F01C00DD4812;
			remoteInfo = Globus;
		};
		8BEDC89A1D50F38E00DD4812 /* PBXContainerItemProxy */ = {
			isa = PBXContainerItemProxy;
			containerPortal = 8BEDC8441D50F01C00DD4812 /* Project object */;
			proxyType = 1;
			remoteGlobalIDString = 8BEDC84B1D50F01C00DD4812;
			remoteInfo = Globus;
		};
/* End PBXContainerItemProxy section */

/* Begin PBXFileReference section */
		8B035EBE1D8AC180009379CD /* StoreDetailsTableViewCell.swift */ = {isa = PBXFileReference; fileEncoding = 4; lastKnownFileType = sourcecode.swift; path = StoreDetailsTableViewCell.swift; sourceTree = "<group>"; };
		8B0DB8361D92A69A00801B96 /* CoreLocation.framework */ = {isa = PBXFileReference; lastKnownFileType = wrapper.framework; name = CoreLocation.framework; path = System/Library/Frameworks/CoreLocation.framework; sourceTree = SDKROOT; };
		8B2AEDBF1D87F716002E76E5 /* StoreDetailsTableViewController.swift */ = {isa = PBXFileReference; fileEncoding = 4; lastKnownFileType = sourcecode.swift; path = StoreDetailsTableViewController.swift; sourceTree = "<group>"; };
		8B2AEDC11D882426002E76E5 /* ImageModel.swift */ = {isa = PBXFileReference; fileEncoding = 4; lastKnownFileType = sourcecode.swift; path = ImageModel.swift; sourceTree = "<group>"; };
		8B2AEDC31D882F92002E76E5 /* Store.swift */ = {isa = PBXFileReference; fileEncoding = 4; lastKnownFileType = sourcecode.swift; path = Store.swift; sourceTree = "<group>"; };
		8B2AEDC51D883270002E76E5 /* DayModel.swift */ = {isa = PBXFileReference; fileEncoding = 4; lastKnownFileType = sourcecode.swift; path = DayModel.swift; sourceTree = "<group>"; };
		8B2AEDC71D884160002E76E5 /* StoresList.plist */ = {isa = PBXFileReference; fileEncoding = 4; lastKnownFileType = text.plist.xml; path = StoresList.plist; sourceTree = "<group>"; };
		8B5EB4E01D8FE57800E94A3F /* Globus.xcdatamodel */ = {isa = PBXFileReference; lastKnownFileType = wrapper.xcdatamodel; path = Globus.xcdatamodel; sourceTree = "<group>"; };
		8B75D93E1D829288007FFC5E /* GAI.h */ = {isa = PBXFileReference; fileEncoding = 4; lastKnownFileType = sourcecode.c.h; path = GAI.h; sourceTree = "<group>"; };
		8B75D93F1D829288007FFC5E /* GAIDictionaryBuilder.h */ = {isa = PBXFileReference; fileEncoding = 4; lastKnownFileType = sourcecode.c.h; path = GAIDictionaryBuilder.h; sourceTree = "<group>"; };
		8B75D9401D829288007FFC5E /* GAIEcommerceFields.h */ = {isa = PBXFileReference; fileEncoding = 4; lastKnownFileType = sourcecode.c.h; path = GAIEcommerceFields.h; sourceTree = "<group>"; };
		8B75D9411D829288007FFC5E /* GAIEcommerceProduct.h */ = {isa = PBXFileReference; fileEncoding = 4; lastKnownFileType = sourcecode.c.h; path = GAIEcommerceProduct.h; sourceTree = "<group>"; };
		8B75D9421D829288007FFC5E /* GAIEcommerceProductAction.h */ = {isa = PBXFileReference; fileEncoding = 4; lastKnownFileType = sourcecode.c.h; path = GAIEcommerceProductAction.h; sourceTree = "<group>"; };
		8B75D9431D829288007FFC5E /* GAIEcommercePromotion.h */ = {isa = PBXFileReference; fileEncoding = 4; lastKnownFileType = sourcecode.c.h; path = GAIEcommercePromotion.h; sourceTree = "<group>"; };
		8B75D9441D829288007FFC5E /* GAIFields.h */ = {isa = PBXFileReference; fileEncoding = 4; lastKnownFileType = sourcecode.c.h; path = GAIFields.h; sourceTree = "<group>"; };
		8B75D9451D829288007FFC5E /* GAILogger.h */ = {isa = PBXFileReference; fileEncoding = 4; lastKnownFileType = sourcecode.c.h; path = GAILogger.h; sourceTree = "<group>"; };
		8B75D9461D829288007FFC5E /* GAITrackedViewController.h */ = {isa = PBXFileReference; fileEncoding = 4; lastKnownFileType = sourcecode.c.h; path = GAITrackedViewController.h; sourceTree = "<group>"; };
		8B75D9471D829288007FFC5E /* GAITracker.h */ = {isa = PBXFileReference; fileEncoding = 4; lastKnownFileType = sourcecode.c.h; path = GAITracker.h; sourceTree = "<group>"; };
		8B75D9491D8295D0007FFC5E /* CoreData.framework */ = {isa = PBXFileReference; lastKnownFileType = wrapper.framework; name = CoreData.framework; path = System/Library/Frameworks/CoreData.framework; sourceTree = SDKROOT; };
		8B75D94A1D8295D0007FFC5E /* libsqlite3.tbd */ = {isa = PBXFileReference; lastKnownFileType = "sourcecode.text-based-dylib-definition"; name = libsqlite3.tbd; path = usr/lib/libsqlite3.tbd; sourceTree = SDKROOT; };
		8B75D94B1D8295D0007FFC5E /* libz.tbd */ = {isa = PBXFileReference; lastKnownFileType = "sourcecode.text-based-dylib-definition"; name = libz.tbd; path = usr/lib/libz.tbd; sourceTree = SDKROOT; };
		8B75D94F1D8295DF007FFC5E /* SystemConfiguration.framework */ = {isa = PBXFileReference; lastKnownFileType = wrapper.framework; name = SystemConfiguration.framework; path = System/Library/Frameworks/SystemConfiguration.framework; sourceTree = SDKROOT; };
		8B75D9511D829600007FFC5E /* libGoogleAnalyticsServices.a */ = {isa = PBXFileReference; lastKnownFileType = archive.ar; name = libGoogleAnalyticsServices.a; path = ../../../Desktop/GoogleAnalyticsServicesiOS_3.16/libGoogleAnalyticsServices.a; sourceTree = "<group>"; };
		8B75D9531D8296D6007FFC5E /* libGoogleAnalyticsServices.a */ = {isa = PBXFileReference; lastKnownFileType = archive.ar; path = libGoogleAnalyticsServices.a; sourceTree = "<group>"; };
		8B7E11C81D8BE72900EAB74D /* Vouchers.storyboard */ = {isa = PBXFileReference; fileEncoding = 4; lastKnownFileType = file.storyboard; path = Vouchers.storyboard; sourceTree = "<group>"; };
		8B7E11CA1D8BE87D00EAB74D /* VoucherListTableViewController.swift */ = {isa = PBXFileReference; fileEncoding = 4; lastKnownFileType = sourcecode.swift; path = VoucherListTableViewController.swift; sourceTree = "<group>"; };
		8B8350811D869A600052B671 /* Login.storyboard */ = {isa = PBXFileReference; fileEncoding = 4; lastKnownFileType = file.storyboard; path = Login.storyboard; sourceTree = "<group>"; };
		8B8350831D86A64C0052B671 /* CardScanViewController.swift */ = {isa = PBXFileReference; fileEncoding = 4; lastKnownFileType = sourcecode.swift; path = CardScanViewController.swift; sourceTree = "<group>"; };
		8B8350851D86CABE0052B671 /* RegistrationViewController.swift */ = {isa = PBXFileReference; fileEncoding = 4; lastKnownFileType = sourcecode.swift; path = RegistrationViewController.swift; sourceTree = "<group>"; };
		8B8350881D86D4D70052B671 /* TabsController.storyboard */ = {isa = PBXFileReference; fileEncoding = 4; lastKnownFileType = file.storyboard; path = TabsController.storyboard; sourceTree = "<group>"; };
		8B83508B1D86D8B90052B671 /* Stores.storyboard */ = {isa = PBXFileReference; fileEncoding = 4; lastKnownFileType = file.storyboard; path = Stores.storyboard; sourceTree = "<group>"; };
		8B8B6DE41D912E5F00BD8612 /* Vouchers.plist */ = {isa = PBXFileReference; fileEncoding = 4; lastKnownFileType = text.plist.xml; path = Vouchers.plist; sourceTree = "<group>"; };
		8BA5E5281D86E675005F6498 /* StoresListTableViewController.swift */ = {isa = PBXFileReference; fileEncoding = 4; lastKnownFileType = sourcecode.swift; path = StoresListTableViewController.swift; sourceTree = "<group>"; };
		8BA5E52B1D86EE7C005F6498 /* StoreTableViewCell.swift */ = {isa = PBXFileReference; fileEncoding = 4; lastKnownFileType = sourcecode.swift; path = StoreTableViewCell.swift; sourceTree = "<group>"; };
		8BAA3E831D8BF51D00B87E0D /* VoucherTableViewCell.swift */ = {isa = PBXFileReference; fileEncoding = 4; lastKnownFileType = sourcecode.swift; path = VoucherTableViewCell.swift; sourceTree = "<group>"; };
		8BBF0DF51D9005FF00CEC25E /* CoreDataController.swift */ = {isa = PBXFileReference; fileEncoding = 4; lastKnownFileType = sourcecode.swift; path = CoreDataController.swift; sourceTree = "<group>"; };
		8BBF0DF71D90168A00CEC25E /* CoreDataStack.swift */ = {isa = PBXFileReference; fileEncoding = 4; lastKnownFileType = sourcecode.swift; path = CoreDataStack.swift; sourceTree = "<group>"; };
		8BBF0DFC1D901FB400CEC25E /* VoucherDetailsTableViewController.swift */ = {isa = PBXFileReference; fileEncoding = 4; lastKnownFileType = sourcecode.swift; path = VoucherDetailsTableViewController.swift; sourceTree = "<group>"; };
		8BEDC84C1D50F01C00DD4812 /* Globus.app */ = {isa = PBXFileReference; explicitFileType = wrapper.application; includeInIndex = 0; path = Globus.app; sourceTree = BUILT_PRODUCTS_DIR; };
		8BEDC84F1D50F01C00DD4812 /* AppDelegate.swift */ = {isa = PBXFileReference; lastKnownFileType = sourcecode.swift; path = AppDelegate.swift; sourceTree = "<group>"; };
		8BEDC8511D50F01C00DD4812 /* MainViewController.swift */ = {isa = PBXFileReference; lastKnownFileType = sourcecode.swift; path = MainViewController.swift; sourceTree = "<group>"; };
		8BEDC8541D50F01C00DD4812 /* Base */ = {isa = PBXFileReference; lastKnownFileType = file.storyboard; name = Base; path = Base.lproj/Main.storyboard; sourceTree = "<group>"; };
		8BEDC8561D50F01C00DD4812 /* Assets.xcassets */ = {isa = PBXFileReference; lastKnownFileType = folder.assetcatalog; path = Assets.xcassets; sourceTree = "<group>"; };
		8BEDC8591D50F01C00DD4812 /* Base */ = {isa = PBXFileReference; lastKnownFileType = file.storyboard; name = Base; path = Base.lproj/LaunchScreen.storyboard; sourceTree = "<group>"; };
		8BEDC85B1D50F01C00DD4812 /* Info.plist */ = {isa = PBXFileReference; lastKnownFileType = text.plist.xml; path = Info.plist; sourceTree = "<group>"; };
		8BEDC8681D50F17D00DD4812 /* AEApplicationNetwork.swift */ = {isa = PBXFileReference; fileEncoding = 4; lastKnownFileType = sourcecode.swift; path = AEApplicationNetwork.swift; sourceTree = "<group>"; };
		8BEDC86A1D50F19600DD4812 /* AEApplicationInfo.swift */ = {isa = PBXFileReference; fileEncoding = 4; lastKnownFileType = sourcecode.swift; path = AEApplicationInfo.swift; sourceTree = "<group>"; };
		8BEDC86D1D50F1A500DD4812 /* AEApplicationEnvironments.swift */ = {isa = PBXFileReference; fileEncoding = 4; lastKnownFileType = sourcecode.swift; path = AEApplicationEnvironments.swift; sourceTree = "<group>"; };
		8BEDC86F1D50F1A900DD4812 /* AEApplicationConfig.swift */ = {isa = PBXFileReference; fileEncoding = 4; lastKnownFileType = sourcecode.swift; path = AEApplicationConfig.swift; sourceTree = "<group>"; };
		8BEDC8711D50F1B700DD4812 /* Develop.xcconfig */ = {isa = PBXFileReference; lastKnownFileType = text.xcconfig; path = Develop.xcconfig; sourceTree = "<group>"; };
		8BEDC8721D50F1BC00DD4812 /* Stage.xcconfig */ = {isa = PBXFileReference; lastKnownFileType = text.xcconfig; path = Stage.xcconfig; sourceTree = "<group>"; };
		8BEDC8731D50F1C000DD4812 /* Production.xcconfig */ = {isa = PBXFileReference; lastKnownFileType = text.xcconfig; path = Production.xcconfig; sourceTree = "<group>"; };
		8BEDC8821D50F38300DD4812 /* Globus Tests.xctest */ = {isa = PBXFileReference; explicitFileType = wrapper.cfbundle; includeInIndex = 0; path = "Globus Tests.xctest"; sourceTree = BUILT_PRODUCTS_DIR; };
		8BEDC8841D50F38300DD4812 /* Globus_Tests.swift */ = {isa = PBXFileReference; lastKnownFileType = sourcecode.swift; path = Globus_Tests.swift; sourceTree = "<group>"; };
		8BEDC8861D50F38300DD4812 /* Info.plist */ = {isa = PBXFileReference; lastKnownFileType = text.plist.xml; path = Info.plist; sourceTree = "<group>"; };
		8BEDC8951D50F38E00DD4812 /* Globus UITests.xctest */ = {isa = PBXFileReference; explicitFileType = wrapper.cfbundle; includeInIndex = 0; path = "Globus UITests.xctest"; sourceTree = BUILT_PRODUCTS_DIR; };
		8BEDC8971D50F38E00DD4812 /* Globus_UITests.swift */ = {isa = PBXFileReference; lastKnownFileType = sourcecode.swift; path = Globus_UITests.swift; sourceTree = "<group>"; };
		8BEDC8991D50F38E00DD4812 /* Info.plist */ = {isa = PBXFileReference; lastKnownFileType = text.plist.xml; path = Info.plist; sourceTree = "<group>"; };
		E0544D331D82B5E800A5ADA3 /* IntroViewController.swift */ = {isa = PBXFileReference; fileEncoding = 4; lastKnownFileType = sourcecode.swift; path = IntroViewController.swift; sourceTree = "<group>"; };
		E0544D351D86964500A5ADA3 /* UnderlineTextButton.swift */ = {isa = PBXFileReference; fileEncoding = 4; lastKnownFileType = sourcecode.swift; path = UnderlineTextButton.swift; sourceTree = "<group>"; };
		E0AC3EB21D88211D00DCC06E /* PushPermissionViewController.swift */ = {isa = PBXFileReference; fileEncoding = 4; lastKnownFileType = sourcecode.swift; path = PushPermissionViewController.swift; sourceTree = "<group>"; };
		E0AC3EB41D88213900DCC06E /* Localizable.strings */ = {isa = PBXFileReference; fileEncoding = 4; lastKnownFileType = text.plist.strings; path = Localizable.strings; sourceTree = "<group>"; };
		E0AC3EB61D88214A00DCC06E /* PushPermission.storyboard */ = {isa = PBXFileReference; fileEncoding = 4; lastKnownFileType = file.storyboard; path = PushPermission.storyboard; sourceTree = "<group>"; };
/* End PBXFileReference section */

/* Begin PBXFrameworksBuildPhase section */
		8BEDC8491D50F01C00DD4812 /* Frameworks */ = {
			isa = PBXFrameworksBuildPhase;
			buildActionMask = 2147483647;
			files = (
				8B0DB8371D92A69A00801B96 /* CoreLocation.framework in Frameworks */,
				8B75D9501D8295DF007FFC5E /* SystemConfiguration.framework in Frameworks */,
				8B75D94C1D8295D0007FFC5E /* CoreData.framework in Frameworks */,
				8B75D94D1D8295D0007FFC5E /* libsqlite3.tbd in Frameworks */,
				8B75D9541D8296D6007FFC5E /* libGoogleAnalyticsServices.a in Frameworks */,
				8B75D94E1D8295D0007FFC5E /* libz.tbd in Frameworks */,
			);
			runOnlyForDeploymentPostprocessing = 0;
		};
		8BEDC87F1D50F38300DD4812 /* Frameworks */ = {
			isa = PBXFrameworksBuildPhase;
			buildActionMask = 2147483647;
			files = (
			);
			runOnlyForDeploymentPostprocessing = 0;
		};
		8BEDC8921D50F38E00DD4812 /* Frameworks */ = {
			isa = PBXFrameworksBuildPhase;
			buildActionMask = 2147483647;
			files = (
			);
			runOnlyForDeploymentPostprocessing = 0;
		};
/* End PBXFrameworksBuildPhase section */

/* Begin PBXGroup section */
		8B75D93D1D829236007FFC5E /* Google Analyticks */ = {
			isa = PBXGroup;
			children = (
				8B75D9531D8296D6007FFC5E /* libGoogleAnalyticsServices.a */,
				8B75D93E1D829288007FFC5E /* GAI.h */,
				8B75D93F1D829288007FFC5E /* GAIDictionaryBuilder.h */,
				8B75D9401D829288007FFC5E /* GAIEcommerceFields.h */,
				8B75D9411D829288007FFC5E /* GAIEcommerceProduct.h */,
				8B75D9421D829288007FFC5E /* GAIEcommerceProductAction.h */,
				8B75D9431D829288007FFC5E /* GAIEcommercePromotion.h */,
				8B75D9441D829288007FFC5E /* GAIFields.h */,
				8B75D9451D829288007FFC5E /* GAILogger.h */,
				8B75D9461D829288007FFC5E /* GAITrackedViewController.h */,
				8B75D9471D829288007FFC5E /* GAITracker.h */,
			);
			name = "Google Analyticks";
			sourceTree = "<group>";
		};
		8B75D9481D8295D0007FFC5E /* Frameworks */ = {
			isa = PBXGroup;
			children = (
				8B0DB8361D92A69A00801B96 /* CoreLocation.framework */,
				8B75D9511D829600007FFC5E /* libGoogleAnalyticsServices.a */,
				8B75D94F1D8295DF007FFC5E /* SystemConfiguration.framework */,
				8B75D9491D8295D0007FFC5E /* CoreData.framework */,
				8B75D94A1D8295D0007FFC5E /* libsqlite3.tbd */,
				8B75D94B1D8295D0007FFC5E /* libz.tbd */,
			);
			name = Frameworks;
			sourceTree = "<group>";
		};
		8B7E11C71D8BE6C100EAB74D /* Vouchers */ = {
			isa = PBXGroup;
			children = (
				8B7E11C81D8BE72900EAB74D /* Vouchers.storyboard */,
				8B7E11CA1D8BE87D00EAB74D /* VoucherListTableViewController.swift */,
				8BBF0DFC1D901FB400CEC25E /* VoucherDetailsTableViewController.swift */,
				8BAA3E821D8BF3EC00B87E0D /* Table Cells */,
			);
			name = Vouchers;
			sourceTree = "<group>";
		};
		8B8350801D8699690052B671 /* Login */ = {
			isa = PBXGroup;
			children = (
				8B8350811D869A600052B671 /* Login.storyboard */,
				8B8350831D86A64C0052B671 /* CardScanViewController.swift */,
				8B8350851D86CABE0052B671 /* RegistrationViewController.swift */,
			);
			name = Login;
			sourceTree = "<group>";
		};
		8B8350871D86D4950052B671 /* TabBarController */ = {
			isa = PBXGroup;
			children = (
				8B8350881D86D4D70052B671 /* TabsController.storyboard */,
			);
			name = TabBarController;
			sourceTree = "<group>";
		};
		8B83508A1D86D8710052B671 /* Stores */ = {
			isa = PBXGroup;
			children = (
				8B83508B1D86D8B90052B671 /* Stores.storyboard */,
				8BA5E5281D86E675005F6498 /* StoresListTableViewController.swift */,
				8B2AEDBF1D87F716002E76E5 /* StoreDetailsTableViewController.swift */,
				8BA5E52A1D86EE60005F6498 /* Table Cells */,
			);
			name = Stores;
			sourceTree = "<group>";
		};
		8BA5E52A1D86EE60005F6498 /* Table Cells */ = {
			isa = PBXGroup;
			children = (
				8BA5E52B1D86EE7C005F6498 /* StoreTableViewCell.swift */,
				8B035EBE1D8AC180009379CD /* StoreDetailsTableViewCell.swift */,
			);
			name = "Table Cells";
			sourceTree = "<group>";
		};
		8BAA3E821D8BF3EC00B87E0D /* Table Cells */ = {
			isa = PBXGroup;
			children = (
				8BAA3E831D8BF51D00B87E0D /* VoucherTableViewCell.swift */,
			);
			name = "Table Cells";
			sourceTree = "<group>";
		};
		8BEDC8431D50F01C00DD4812 = {
			isa = PBXGroup;
			children = (
				8BEDC84E1D50F01C00DD4812 /* Globus */,
				8BEDC8831D50F38300DD4812 /* Globus Tests */,
				8BEDC8961D50F38E00DD4812 /* Globus UITests */,
				8BEDC84D1D50F01C00DD4812 /* Products */,
				8B75D9481D8295D0007FFC5E /* Frameworks */,
			);
			sourceTree = "<group>";
		};
		8BEDC84D1D50F01C00DD4812 /* Products */ = {
			isa = PBXGroup;
			children = (
				8BEDC84C1D50F01C00DD4812 /* Globus.app */,
				8BEDC8821D50F38300DD4812 /* Globus Tests.xctest */,
				8BEDC8951D50F38E00DD4812 /* Globus UITests.xctest */,
			);
			name = Products;
			sourceTree = "<group>";
		};
		8BEDC84E1D50F01C00DD4812 /* Globus */ = {
			isa = PBXGroup;
			children = (
				8BEDC84F1D50F01C00DD4812 /* AppDelegate.swift */,
				8BEDC8611D50F11000DD4812 /* Model */,
				8BEDC8621D50F11500DD4812 /* View */,
				8BEDC8631D50F11C00DD4812 /* Controller */,
				8BEDC8641D50F13000DD4812 /* Utilities */,
				8BEDC8651D50F13500DD4812 /* Resources */,
				8BEDC8661D50F13A00DD4812 /* Settings */,
			);
			path = Globus;
			sourceTree = "<group>";
		};
		8BEDC8611D50F11000DD4812 /* Model */ = {
			isa = PBXGroup;
			children = (
				8B2AEDC11D882426002E76E5 /* ImageModel.swift */,
				8B2AEDC31D882F92002E76E5 /* Store.swift */,
				8B2AEDC51D883270002E76E5 /* DayModel.swift */,
				8B8B6DE41D912E5F00BD8612 /* Vouchers.plist */,
				8B2AEDC71D884160002E76E5 /* StoresList.plist */,
				8B5EB4DF1D8FE57800E94A3F /* Globus.xcdatamodeld */,
			);
			name = Model;
			sourceTree = "<group>";
		};
		8BEDC8621D50F11500DD4812 /* View */ = {
			isa = PBXGroup;
			children = (
				8BEDC8581D50F01C00DD4812 /* LaunchScreen.storyboard */,
				8B8350801D8699690052B671 /* Login */,
				8BEDC8671D50F15500DD4812 /* Main */,
				8B8350871D86D4950052B671 /* TabBarController */,
				8B83508A1D86D8710052B671 /* Stores */,
				8B7E11C71D8BE6C100EAB74D /* Vouchers */,
				E0AC3EB11D88210100DCC06E /* PushPermission */,
			);
			name = View;
			sourceTree = "<group>";
		};
		8BEDC8631D50F11C00DD4812 /* Controller */ = {
			isa = PBXGroup;
			children = (
				8BBF0DF51D9005FF00CEC25E /* CoreDataController.swift */,
				8BBF0DF71D90168A00CEC25E /* CoreDataStack.swift */,
			);
			name = Controller;
			sourceTree = "<group>";
		};
		8BEDC8641D50F13000DD4812 /* Utilities */ = {
			isa = PBXGroup;
			children = (
				8BEDC8681D50F17D00DD4812 /* AEApplicationNetwork.swift */,
				E0544D351D86964500A5ADA3 /* UnderlineTextButton.swift */,
			);
			name = Utilities;
			sourceTree = "<group>";
		};
		8BEDC8651D50F13500DD4812 /* Resources */ = {
			isa = PBXGroup;
			children = (
				8BEDC8561D50F01C00DD4812 /* Assets.xcassets */,
				E0AC3EB41D88213900DCC06E /* Localizable.strings */,
			);
			name = Resources;
			sourceTree = "<group>";
		};
		8BEDC8661D50F13A00DD4812 /* Settings */ = {
			isa = PBXGroup;
			children = (
				8B75D93D1D829236007FFC5E /* Google Analyticks */,
				8BEDC85B1D50F01C00DD4812 /* Info.plist */,
				8BEDC86A1D50F19600DD4812 /* AEApplicationInfo.swift */,
				8BEDC86C1D50F1A000DD4812 /* Config */,
			);
			name = Settings;
			sourceTree = "<group>";
		};
		8BEDC8671D50F15500DD4812 /* Main */ = {
			isa = PBXGroup;
			children = (
				8BEDC8531D50F01C00DD4812 /* Main.storyboard */,
				8BEDC8511D50F01C00DD4812 /* MainViewController.swift */,
				E0544D331D82B5E800A5ADA3 /* IntroViewController.swift */,
			);
			name = Main;
			sourceTree = "<group>";
		};
		8BEDC86C1D50F1A000DD4812 /* Config */ = {
			isa = PBXGroup;
			children = (
				8BEDC86D1D50F1A500DD4812 /* AEApplicationEnvironments.swift */,
				8BEDC86F1D50F1A900DD4812 /* AEApplicationConfig.swift */,
				8BEDC8711D50F1B700DD4812 /* Develop.xcconfig */,
				8BEDC8721D50F1BC00DD4812 /* Stage.xcconfig */,
				8BEDC8731D50F1C000DD4812 /* Production.xcconfig */,
			);
			name = Config;
			sourceTree = "<group>";
		};
		8BEDC8831D50F38300DD4812 /* Globus Tests */ = {
			isa = PBXGroup;
			children = (
				8BEDC8841D50F38300DD4812 /* Globus_Tests.swift */,
				8BEDC8861D50F38300DD4812 /* Info.plist */,
			);
			path = "Globus Tests";
			sourceTree = "<group>";
		};
		8BEDC8961D50F38E00DD4812 /* Globus UITests */ = {
			isa = PBXGroup;
			children = (
				8BEDC8971D50F38E00DD4812 /* Globus_UITests.swift */,
				8BEDC8991D50F38E00DD4812 /* Info.plist */,
			);
			path = "Globus UITests";
			sourceTree = "<group>";
		};
		E0AC3EB11D88210100DCC06E /* PushPermission */ = {
			isa = PBXGroup;
			children = (
				E0AC3EB61D88214A00DCC06E /* PushPermission.storyboard */,
				E0AC3EB21D88211D00DCC06E /* PushPermissionViewController.swift */,
			);
			name = PushPermission;
			sourceTree = "<group>";
		};
/* End PBXGroup section */

/* Begin PBXNativeTarget section */
		8BEDC84B1D50F01C00DD4812 /* Globus */ = {
			isa = PBXNativeTarget;
			buildConfigurationList = 8BEDC85E1D50F01C00DD4812 /* Build configuration list for PBXNativeTarget "Globus" */;
			buildPhases = (
				8BEDC8481D50F01C00DD4812 /* Sources */,
				8BEDC8491D50F01C00DD4812 /* Frameworks */,
				8BEDC84A1D50F01C00DD4812 /* Resources */,
			);
			buildRules = (
			);
			dependencies = (
			);
			name = Globus;
			productName = Globus;
			productReference = 8BEDC84C1D50F01C00DD4812 /* Globus.app */;
			productType = "com.apple.product-type.application";
		};
		8BEDC8811D50F38300DD4812 /* Globus Tests */ = {
			isa = PBXNativeTarget;
			buildConfigurationList = 8BEDC8891D50F38300DD4812 /* Build configuration list for PBXNativeTarget "Globus Tests" */;
			buildPhases = (
				8BEDC87E1D50F38300DD4812 /* Sources */,
				8BEDC87F1D50F38300DD4812 /* Frameworks */,
				8BEDC8801D50F38300DD4812 /* Resources */,
			);
			buildRules = (
			);
			dependencies = (
				8BEDC8881D50F38300DD4812 /* PBXTargetDependency */,
			);
			name = "Globus Tests";
			productName = "Globus Tests";
			productReference = 8BEDC8821D50F38300DD4812 /* Globus Tests.xctest */;
			productType = "com.apple.product-type.bundle.unit-test";
		};
		8BEDC8941D50F38E00DD4812 /* Globus UITests */ = {
			isa = PBXNativeTarget;
			buildConfigurationList = 8BEDC89C1D50F38E00DD4812 /* Build configuration list for PBXNativeTarget "Globus UITests" */;
			buildPhases = (
				8BEDC8911D50F38E00DD4812 /* Sources */,
				8BEDC8921D50F38E00DD4812 /* Frameworks */,
				8BEDC8931D50F38E00DD4812 /* Resources */,
			);
			buildRules = (
			);
			dependencies = (
				8BEDC89B1D50F38E00DD4812 /* PBXTargetDependency */,
			);
			name = "Globus UITests";
			productName = "Globus UITests";
			productReference = 8BEDC8951D50F38E00DD4812 /* Globus UITests.xctest */;
			productType = "com.apple.product-type.bundle.ui-testing";
		};
/* End PBXNativeTarget section */

/* Begin PBXProject section */
		8BEDC8441D50F01C00DD4812 /* Project object */ = {
			isa = PBXProject;
			attributes = {
				LastSwiftUpdateCheck = 0800;
				LastUpgradeCheck = 0800;
				ORGANIZATIONNAME = appculture;
				TargetAttributes = {
					8BEDC84B1D50F01C00DD4812 = {
						CreatedOnToolsVersion = 8.0;
						DevelopmentTeam = 6R55RBD8VC;
						ProvisioningStyle = Manual;
					};
					8BEDC8811D50F38300DD4812 = {
						CreatedOnToolsVersion = 8.0;
						DevelopmentTeam = 6R55RBD8VC;
						ProvisioningStyle = Automatic;
						TestTargetID = 8BEDC84B1D50F01C00DD4812;
					};
					8BEDC8941D50F38E00DD4812 = {
						CreatedOnToolsVersion = 8.0;
						DevelopmentTeam = 6R55RBD8VC;
						ProvisioningStyle = Automatic;
						TestTargetID = 8BEDC84B1D50F01C00DD4812;
					};
				};
			};
			buildConfigurationList = 8BEDC8471D50F01C00DD4812 /* Build configuration list for PBXProject "Globus" */;
			compatibilityVersion = "Xcode 3.2";
			developmentRegion = English;
			hasScannedForEncodings = 0;
			knownRegions = (
				en,
				Base,
			);
			mainGroup = 8BEDC8431D50F01C00DD4812;
			productRefGroup = 8BEDC84D1D50F01C00DD4812 /* Products */;
			projectDirPath = "";
			projectRoot = "";
			targets = (
				8BEDC84B1D50F01C00DD4812 /* Globus */,
				8BEDC8811D50F38300DD4812 /* Globus Tests */,
				8BEDC8941D50F38E00DD4812 /* Globus UITests */,
			);
		};
/* End PBXProject section */

/* Begin PBXResourcesBuildPhase section */
		8BEDC84A1D50F01C00DD4812 /* Resources */ = {
			isa = PBXResourcesBuildPhase;
			buildActionMask = 2147483647;
			files = (
				8B2AEDC81D884160002E76E5 /* StoresList.plist in Resources */,
				8B8350891D86D4D70052B671 /* TabsController.storyboard in Resources */,
				E0AC3EB51D88213900DCC06E /* Localizable.strings in Resources */,
				E0AC3EB71D88214A00DCC06E /* PushPermission.storyboard in Resources */,
				8B8350821D869A600052B671 /* Login.storyboard in Resources */,
				8B83508C1D86D8B90052B671 /* Stores.storyboard in Resources */,
				8BEDC85A1D50F01C00DD4812 /* LaunchScreen.storyboard in Resources */,
				8B7E11C91D8BE72900EAB74D /* Vouchers.storyboard in Resources */,
				8BEDC8571D50F01C00DD4812 /* Assets.xcassets in Resources */,
				8BEDC8551D50F01C00DD4812 /* Main.storyboard in Resources */,
				8B8B6DE51D912E5F00BD8612 /* Vouchers.plist in Resources */,
			);
			runOnlyForDeploymentPostprocessing = 0;
		};
		8BEDC8801D50F38300DD4812 /* Resources */ = {
			isa = PBXResourcesBuildPhase;
			buildActionMask = 2147483647;
			files = (
			);
			runOnlyForDeploymentPostprocessing = 0;
		};
		8BEDC8931D50F38E00DD4812 /* Resources */ = {
			isa = PBXResourcesBuildPhase;
			buildActionMask = 2147483647;
			files = (
			);
			runOnlyForDeploymentPostprocessing = 0;
		};
/* End PBXResourcesBuildPhase section */

/* Begin PBXSourcesBuildPhase section */
		8BEDC8481D50F01C00DD4812 /* Sources */ = {
			isa = PBXSourcesBuildPhase;
			buildActionMask = 2147483647;
			files = (
				8B035EBF1D8AC180009379CD /* StoreDetailsTableViewCell.swift in Sources */,
				8BBF0DF81D90168A00CEC25E /* CoreDataStack.swift in Sources */,
				8B2AEDC41D882F92002E76E5 /* Store.swift in Sources */,
				8BBF0DFD1D901FB400CEC25E /* VoucherDetailsTableViewController.swift in Sources */,
				8BEDC86B1D50F19600DD4812 /* AEApplicationInfo.swift in Sources */,
				8BEDC8521D50F01C00DD4812 /* MainViewController.swift in Sources */,
				8B5EB4E11D8FE57800E94A3F /* Globus.xcdatamodeld in Sources */,
				E0544D361D86964500A5ADA3 /* UnderlineTextButton.swift in Sources */,
				8BBF0DF61D9005FF00CEC25E /* CoreDataController.swift in Sources */,
				8BA5E52C1D86EE7C005F6498 /* StoreTableViewCell.swift in Sources */,
				E0544D341D82B5E800A5ADA3 /* IntroViewController.swift in Sources */,
				8B8350861D86CABE0052B671 /* RegistrationViewController.swift in Sources */,
				8BEDC8701D50F1A900DD4812 /* AEApplicationConfig.swift in Sources */,
				8B2AEDC61D883270002E76E5 /* DayModel.swift in Sources */,
				8BEDC8691D50F17D00DD4812 /* AEApplicationNetwork.swift in Sources */,
				E0AC3EB31D88211D00DCC06E /* PushPermissionViewController.swift in Sources */,
				8B7E11CB1D8BE87D00EAB74D /* VoucherListTableViewController.swift in Sources */,
				8BEDC86E1D50F1A500DD4812 /* AEApplicationEnvironments.swift in Sources */,
				8BA5E5291D86E675005F6498 /* StoresListTableViewController.swift in Sources */,
				8B2AEDC01D87F716002E76E5 /* StoreDetailsTableViewController.swift in Sources */,
				8BAA3E841D8BF51D00B87E0D /* VoucherTableViewCell.swift in Sources */,
				8B8350841D86A64C0052B671 /* CardScanViewController.swift in Sources */,
				8BEDC8501D50F01C00DD4812 /* AppDelegate.swift in Sources */,
				8B2AEDC21D882426002E76E5 /* ImageModel.swift in Sources */,
			);
			runOnlyForDeploymentPostprocessing = 0;
		};
		8BEDC87E1D50F38300DD4812 /* Sources */ = {
			isa = PBXSourcesBuildPhase;
			buildActionMask = 2147483647;
			files = (
				8BEDC8851D50F38300DD4812 /* Globus_Tests.swift in Sources */,
			);
			runOnlyForDeploymentPostprocessing = 0;
		};
		8BEDC8911D50F38E00DD4812 /* Sources */ = {
			isa = PBXSourcesBuildPhase;
			buildActionMask = 2147483647;
			files = (
				8BEDC8981D50F38E00DD4812 /* Globus_UITests.swift in Sources */,
			);
			runOnlyForDeploymentPostprocessing = 0;
		};
/* End PBXSourcesBuildPhase section */

/* Begin PBXTargetDependency section */
		8BEDC8881D50F38300DD4812 /* PBXTargetDependency */ = {
			isa = PBXTargetDependency;
			target = 8BEDC84B1D50F01C00DD4812 /* Globus */;
			targetProxy = 8BEDC8871D50F38300DD4812 /* PBXContainerItemProxy */;
		};
		8BEDC89B1D50F38E00DD4812 /* PBXTargetDependency */ = {
			isa = PBXTargetDependency;
			target = 8BEDC84B1D50F01C00DD4812 /* Globus */;
			targetProxy = 8BEDC89A1D50F38E00DD4812 /* PBXContainerItemProxy */;
		};
/* End PBXTargetDependency section */

/* Begin PBXVariantGroup section */
		8BEDC8531D50F01C00DD4812 /* Main.storyboard */ = {
			isa = PBXVariantGroup;
			children = (
				8BEDC8541D50F01C00DD4812 /* Base */,
			);
			name = Main.storyboard;
			sourceTree = "<group>";
		};
		8BEDC8581D50F01C00DD4812 /* LaunchScreen.storyboard */ = {
			isa = PBXVariantGroup;
			children = (
				8BEDC8591D50F01C00DD4812 /* Base */,
			);
			name = LaunchScreen.storyboard;
			sourceTree = "<group>";
		};
/* End PBXVariantGroup section */

/* Begin XCBuildConfiguration section */
		8BEDC85C1D50F01C00DD4812 /* Debug-Develop */ = {
			isa = XCBuildConfiguration;
			baseConfigurationReference = 8BEDC8711D50F1B700DD4812 /* Develop.xcconfig */;
			buildSettings = {
				ALWAYS_SEARCH_USER_PATHS = NO;
				CLANG_ANALYZER_NONNULL = YES;
				CLANG_CXX_LANGUAGE_STANDARD = "gnu++0x";
				CLANG_CXX_LIBRARY = "libc++";
				CLANG_ENABLE_MODULES = YES;
				CLANG_ENABLE_OBJC_ARC = YES;
				CLANG_WARN_BOOL_CONVERSION = YES;
				CLANG_WARN_CONSTANT_CONVERSION = YES;
				CLANG_WARN_DIRECT_OBJC_ISA_USAGE = YES_ERROR;
				CLANG_WARN_DOCUMENTATION_COMMENTS = YES;
				CLANG_WARN_EMPTY_BODY = YES;
				CLANG_WARN_ENUM_CONVERSION = YES;
				CLANG_WARN_INFINITE_RECURSION = YES;
				CLANG_WARN_INT_CONVERSION = YES;
				CLANG_WARN_OBJC_ROOT_CLASS = YES_ERROR;
				CLANG_WARN_SUSPICIOUS_MOVES = YES;
				CLANG_WARN_UNREACHABLE_CODE = YES;
				CLANG_WARN__DUPLICATE_METHOD_MATCH = YES;
				"CODE_SIGN_IDENTITY[sdk=iphoneos*]" = "iPhone Developer";
				COPY_PHASE_STRIP = NO;
				DEBUG_INFORMATION_FORMAT = dwarf;
				ENABLE_STRICT_OBJC_MSGSEND = YES;
				ENABLE_TESTABILITY = YES;
				GCC_C_LANGUAGE_STANDARD = gnu99;
				GCC_DYNAMIC_NO_PIC = NO;
				GCC_NO_COMMON_BLOCKS = YES;
				GCC_OPTIMIZATION_LEVEL = 0;
				GCC_PREPROCESSOR_DEFINITIONS = (
					"DEBUG=1",
					"$(inherited)",
				);
				GCC_WARN_64_TO_32_BIT_CONVERSION = YES;
				GCC_WARN_ABOUT_RETURN_TYPE = YES_ERROR;
				GCC_WARN_UNDECLARED_SELECTOR = YES;
				GCC_WARN_UNINITIALIZED_AUTOS = YES_AGGRESSIVE;
				GCC_WARN_UNUSED_FUNCTION = YES;
				GCC_WARN_UNUSED_VARIABLE = YES;
				IPHONEOS_DEPLOYMENT_TARGET = 9.0;
				MTL_ENABLE_DEBUG_INFO = YES;
				ONLY_ACTIVE_ARCH = YES;
				SDKROOT = iphoneos;
				SWIFT_ACTIVE_COMPILATION_CONDITIONS = DEBUG;
				SWIFT_OPTIMIZATION_LEVEL = "-Onone";
				TARGETED_DEVICE_FAMILY = "1,2";
			};
			name = "Debug-Develop";
		};
		8BEDC85D1D50F01C00DD4812 /* Release-Develop */ = {
			isa = XCBuildConfiguration;
			baseConfigurationReference = 8BEDC8711D50F1B700DD4812 /* Develop.xcconfig */;
			buildSettings = {
				ALWAYS_SEARCH_USER_PATHS = NO;
				CLANG_ANALYZER_NONNULL = YES;
				CLANG_CXX_LANGUAGE_STANDARD = "gnu++0x";
				CLANG_CXX_LIBRARY = "libc++";
				CLANG_ENABLE_MODULES = YES;
				CLANG_ENABLE_OBJC_ARC = YES;
				CLANG_WARN_BOOL_CONVERSION = YES;
				CLANG_WARN_CONSTANT_CONVERSION = YES;
				CLANG_WARN_DIRECT_OBJC_ISA_USAGE = YES_ERROR;
				CLANG_WARN_DOCUMENTATION_COMMENTS = YES;
				CLANG_WARN_EMPTY_BODY = YES;
				CLANG_WARN_ENUM_CONVERSION = YES;
				CLANG_WARN_INFINITE_RECURSION = YES;
				CLANG_WARN_INT_CONVERSION = YES;
				CLANG_WARN_OBJC_ROOT_CLASS = YES_ERROR;
				CLANG_WARN_SUSPICIOUS_MOVES = YES;
				CLANG_WARN_UNREACHABLE_CODE = YES;
				CLANG_WARN__DUPLICATE_METHOD_MATCH = YES;
				"CODE_SIGN_IDENTITY[sdk=iphoneos*]" = "iPhone Developer";
				COPY_PHASE_STRIP = NO;
				DEBUG_INFORMATION_FORMAT = "dwarf-with-dsym";
				ENABLE_NS_ASSERTIONS = NO;
				ENABLE_STRICT_OBJC_MSGSEND = YES;
				GCC_C_LANGUAGE_STANDARD = gnu99;
				GCC_NO_COMMON_BLOCKS = YES;
				GCC_WARN_64_TO_32_BIT_CONVERSION = YES;
				GCC_WARN_ABOUT_RETURN_TYPE = YES_ERROR;
				GCC_WARN_UNDECLARED_SELECTOR = YES;
				GCC_WARN_UNINITIALIZED_AUTOS = YES_AGGRESSIVE;
				GCC_WARN_UNUSED_FUNCTION = YES;
				GCC_WARN_UNUSED_VARIABLE = YES;
				IPHONEOS_DEPLOYMENT_TARGET = 9.0;
				MTL_ENABLE_DEBUG_INFO = NO;
				SDKROOT = iphoneos;
				SWIFT_OPTIMIZATION_LEVEL = "-Owholemodule";
				TARGETED_DEVICE_FAMILY = "1,2";
				VALIDATE_PRODUCT = YES;
			};
			name = "Release-Develop";
		};
		8BEDC85F1D50F01C00DD4812 /* Debug-Develop */ = {
			isa = XCBuildConfiguration;
			buildSettings = {
				ASSETCATALOG_COMPILER_APPICON_NAME = "$(AppIcon)";
				DEVELOPMENT_TEAM = "";
				INFOPLIST_FILE = Globus/Info.plist;
				LD_RUNPATH_SEARCH_PATHS = "$(inherited) @executable_path/Frameworks";
				LIBRARY_SEARCH_PATHS = (
					"$(inherited)",
					"$(PROJECT_DIR)/Globus",
				);
				PRODUCT_BUNDLE_IDENTIFIER = "$(BundleIdentifier)";
				PRODUCT_NAME = "$(TARGET_NAME)";
				SWIFT_VERSION = 3.0;
				TARGETED_DEVICE_FAMILY = 1;
			};
			name = "Debug-Develop";
		};
		8BEDC8601D50F01C00DD4812 /* Release-Develop */ = {
			isa = XCBuildConfiguration;
			buildSettings = {
				ASSETCATALOG_COMPILER_APPICON_NAME = "$(AppIcon)";
				DEVELOPMENT_TEAM = "";
				INFOPLIST_FILE = Globus/Info.plist;
				LD_RUNPATH_SEARCH_PATHS = "$(inherited) @executable_path/Frameworks";
				LIBRARY_SEARCH_PATHS = (
					"$(inherited)",
					"$(PROJECT_DIR)/Globus",
				);
				PRODUCT_BUNDLE_IDENTIFIER = "$(BundleIdentifier)";
				PRODUCT_NAME = "$(TARGET_NAME)";
				SWIFT_VERSION = 3.0;
				TARGETED_DEVICE_FAMILY = 1;
			};
			name = "Release-Develop";
		};
		8BEDC8741D50F34200DD4812 /* Debug-Stage */ = {
			isa = XCBuildConfiguration;
			baseConfigurationReference = 8BEDC8721D50F1BC00DD4812 /* Stage.xcconfig */;
			buildSettings = {
				ALWAYS_SEARCH_USER_PATHS = NO;
				CLANG_ANALYZER_NONNULL = YES;
				CLANG_CXX_LANGUAGE_STANDARD = "gnu++0x";
				CLANG_CXX_LIBRARY = "libc++";
				CLANG_ENABLE_MODULES = YES;
				CLANG_ENABLE_OBJC_ARC = YES;
				CLANG_WARN_BOOL_CONVERSION = YES;
				CLANG_WARN_CONSTANT_CONVERSION = YES;
				CLANG_WARN_DIRECT_OBJC_ISA_USAGE = YES_ERROR;
				CLANG_WARN_DOCUMENTATION_COMMENTS = YES;
				CLANG_WARN_EMPTY_BODY = YES;
				CLANG_WARN_ENUM_CONVERSION = YES;
				CLANG_WARN_INFINITE_RECURSION = YES;
				CLANG_WARN_INT_CONVERSION = YES;
				CLANG_WARN_OBJC_ROOT_CLASS = YES_ERROR;
				CLANG_WARN_SUSPICIOUS_MOVES = YES;
				CLANG_WARN_UNREACHABLE_CODE = YES;
				CLANG_WARN__DUPLICATE_METHOD_MATCH = YES;
				"CODE_SIGN_IDENTITY[sdk=iphoneos*]" = "iPhone Developer";
				COPY_PHASE_STRIP = NO;
				DEBUG_INFORMATION_FORMAT = dwarf;
				ENABLE_STRICT_OBJC_MSGSEND = YES;
				ENABLE_TESTABILITY = YES;
				GCC_C_LANGUAGE_STANDARD = gnu99;
				GCC_DYNAMIC_NO_PIC = NO;
				GCC_NO_COMMON_BLOCKS = YES;
				GCC_OPTIMIZATION_LEVEL = 0;
				GCC_PREPROCESSOR_DEFINITIONS = (
					"DEBUG=1",
					"$(inherited)",
				);
				GCC_WARN_64_TO_32_BIT_CONVERSION = YES;
				GCC_WARN_ABOUT_RETURN_TYPE = YES_ERROR;
				GCC_WARN_UNDECLARED_SELECTOR = YES;
				GCC_WARN_UNINITIALIZED_AUTOS = YES_AGGRESSIVE;
				GCC_WARN_UNUSED_FUNCTION = YES;
				GCC_WARN_UNUSED_VARIABLE = YES;
				IPHONEOS_DEPLOYMENT_TARGET = 9.0;
				MTL_ENABLE_DEBUG_INFO = YES;
				ONLY_ACTIVE_ARCH = YES;
				SDKROOT = iphoneos;
				SWIFT_ACTIVE_COMPILATION_CONDITIONS = DEBUG;
				SWIFT_OPTIMIZATION_LEVEL = "-Onone";
				TARGETED_DEVICE_FAMILY = "1,2";
			};
			name = "Debug-Stage";
		};
		8BEDC8751D50F34200DD4812 /* Debug-Stage */ = {
			isa = XCBuildConfiguration;
			buildSettings = {
				ASSETCATALOG_COMPILER_APPICON_NAME = "$(AppIcon)";
				DEVELOPMENT_TEAM = 6R55RBD8VC;
				INFOPLIST_FILE = Globus/Info.plist;
				LD_RUNPATH_SEARCH_PATHS = "$(inherited) @executable_path/Frameworks";
				LIBRARY_SEARCH_PATHS = (
					"$(inherited)",
					"$(PROJECT_DIR)/Globus",
				);
				PRODUCT_BUNDLE_IDENTIFIER = "$(BundleIdentifier)";
				PRODUCT_NAME = "$(TARGET_NAME)";
				PROVISIONING_PROFILE = "9566ec48-10e6-43cd-bed1-098b5c33266d";
				PROVISIONING_PROFILE_SPECIFIER = "Globus iOS Stage - Development";
				SWIFT_VERSION = 3.0;
				TARGETED_DEVICE_FAMILY = 1;
			};
			name = "Debug-Stage";
		};
		8BEDC8761D50F34900DD4812 /* Release-Stage */ = {
			isa = XCBuildConfiguration;
			baseConfigurationReference = 8BEDC8721D50F1BC00DD4812 /* Stage.xcconfig */;
			buildSettings = {
				ALWAYS_SEARCH_USER_PATHS = NO;
				CLANG_ANALYZER_NONNULL = YES;
				CLANG_CXX_LANGUAGE_STANDARD = "gnu++0x";
				CLANG_CXX_LIBRARY = "libc++";
				CLANG_ENABLE_MODULES = YES;
				CLANG_ENABLE_OBJC_ARC = YES;
				CLANG_WARN_BOOL_CONVERSION = YES;
				CLANG_WARN_CONSTANT_CONVERSION = YES;
				CLANG_WARN_DIRECT_OBJC_ISA_USAGE = YES_ERROR;
				CLANG_WARN_DOCUMENTATION_COMMENTS = YES;
				CLANG_WARN_EMPTY_BODY = YES;
				CLANG_WARN_ENUM_CONVERSION = YES;
				CLANG_WARN_INFINITE_RECURSION = YES;
				CLANG_WARN_INT_CONVERSION = YES;
				CLANG_WARN_OBJC_ROOT_CLASS = YES_ERROR;
				CLANG_WARN_SUSPICIOUS_MOVES = YES;
				CLANG_WARN_UNREACHABLE_CODE = YES;
				CLANG_WARN__DUPLICATE_METHOD_MATCH = YES;
				"CODE_SIGN_IDENTITY[sdk=iphoneos*]" = "iPhone Developer";
				COPY_PHASE_STRIP = NO;
				DEBUG_INFORMATION_FORMAT = "dwarf-with-dsym";
				ENABLE_NS_ASSERTIONS = NO;
				ENABLE_STRICT_OBJC_MSGSEND = YES;
				GCC_C_LANGUAGE_STANDARD = gnu99;
				GCC_NO_COMMON_BLOCKS = YES;
				GCC_WARN_64_TO_32_BIT_CONVERSION = YES;
				GCC_WARN_ABOUT_RETURN_TYPE = YES_ERROR;
				GCC_WARN_UNDECLARED_SELECTOR = YES;
				GCC_WARN_UNINITIALIZED_AUTOS = YES_AGGRESSIVE;
				GCC_WARN_UNUSED_FUNCTION = YES;
				GCC_WARN_UNUSED_VARIABLE = YES;
				IPHONEOS_DEPLOYMENT_TARGET = 9.0;
				MTL_ENABLE_DEBUG_INFO = NO;
				SDKROOT = iphoneos;
				SWIFT_OPTIMIZATION_LEVEL = "-Owholemodule";
				TARGETED_DEVICE_FAMILY = "1,2";
				VALIDATE_PRODUCT = YES;
			};
			name = "Release-Stage";
		};
		8BEDC8771D50F34900DD4812 /* Release-Stage */ = {
			isa = XCBuildConfiguration;
			buildSettings = {
				ASSETCATALOG_COMPILER_APPICON_NAME = "$(AppIcon)";
				"CODE_SIGN_IDENTITY[sdk=iphoneos*]" = "iPhone Distribution";
				DEVELOPMENT_TEAM = 6R55RBD8VC;
				INFOPLIST_FILE = Globus/Info.plist;
				LD_RUNPATH_SEARCH_PATHS = "$(inherited) @executable_path/Frameworks";
				LIBRARY_SEARCH_PATHS = (
					"$(inherited)",
					"$(PROJECT_DIR)/Globus",
				);
				PRODUCT_BUNDLE_IDENTIFIER = "$(BundleIdentifier)";
				PRODUCT_NAME = "$(TARGET_NAME)";
				PROVISIONING_PROFILE = "926f20e7-e459-47a8-9f36-ed25de2e3024";
				PROVISIONING_PROFILE_SPECIFIER = "Globus iOS Stage - In House";
				SWIFT_VERSION = 3.0;
				TARGETED_DEVICE_FAMILY = 1;
			};
			name = "Release-Stage";
		};
		8BEDC8781D50F35000DD4812 /* Debug-Production */ = {
			isa = XCBuildConfiguration;
			baseConfigurationReference = 8BEDC8731D50F1C000DD4812 /* Production.xcconfig */;
			buildSettings = {
				ALWAYS_SEARCH_USER_PATHS = NO;
				CLANG_ANALYZER_NONNULL = YES;
				CLANG_CXX_LANGUAGE_STANDARD = "gnu++0x";
				CLANG_CXX_LIBRARY = "libc++";
				CLANG_ENABLE_MODULES = YES;
				CLANG_ENABLE_OBJC_ARC = YES;
				CLANG_WARN_BOOL_CONVERSION = YES;
				CLANG_WARN_CONSTANT_CONVERSION = YES;
				CLANG_WARN_DIRECT_OBJC_ISA_USAGE = YES_ERROR;
				CLANG_WARN_DOCUMENTATION_COMMENTS = YES;
				CLANG_WARN_EMPTY_BODY = YES;
				CLANG_WARN_ENUM_CONVERSION = YES;
				CLANG_WARN_INFINITE_RECURSION = YES;
				CLANG_WARN_INT_CONVERSION = YES;
				CLANG_WARN_OBJC_ROOT_CLASS = YES_ERROR;
				CLANG_WARN_SUSPICIOUS_MOVES = YES;
				CLANG_WARN_UNREACHABLE_CODE = YES;
				CLANG_WARN__DUPLICATE_METHOD_MATCH = YES;
				"CODE_SIGN_IDENTITY[sdk=iphoneos*]" = "iPhone Developer";
				COPY_PHASE_STRIP = NO;
				DEBUG_INFORMATION_FORMAT = dwarf;
				ENABLE_STRICT_OBJC_MSGSEND = YES;
				ENABLE_TESTABILITY = YES;
				GCC_C_LANGUAGE_STANDARD = gnu99;
				GCC_DYNAMIC_NO_PIC = NO;
				GCC_NO_COMMON_BLOCKS = YES;
				GCC_OPTIMIZATION_LEVEL = 0;
				GCC_PREPROCESSOR_DEFINITIONS = (
					"DEBUG=1",
					"$(inherited)",
				);
				GCC_WARN_64_TO_32_BIT_CONVERSION = YES;
				GCC_WARN_ABOUT_RETURN_TYPE = YES_ERROR;
				GCC_WARN_UNDECLARED_SELECTOR = YES;
				GCC_WARN_UNINITIALIZED_AUTOS = YES_AGGRESSIVE;
				GCC_WARN_UNUSED_FUNCTION = YES;
				GCC_WARN_UNUSED_VARIABLE = YES;
				IPHONEOS_DEPLOYMENT_TARGET = 9.0;
				MTL_ENABLE_DEBUG_INFO = YES;
				ONLY_ACTIVE_ARCH = YES;
				SDKROOT = iphoneos;
				SWIFT_ACTIVE_COMPILATION_CONDITIONS = DEBUG;
				SWIFT_OPTIMIZATION_LEVEL = "-Onone";
				TARGETED_DEVICE_FAMILY = "1,2";
			};
			name = "Debug-Production";
		};
		8BEDC8791D50F35000DD4812 /* Debug-Production */ = {
			isa = XCBuildConfiguration;
			buildSettings = {
				ASSETCATALOG_COMPILER_APPICON_NAME = "$(AppIcon)";
				DEVELOPMENT_TEAM = "";
				INFOPLIST_FILE = Globus/Info.plist;
				LD_RUNPATH_SEARCH_PATHS = "$(inherited) @executable_path/Frameworks";
				LIBRARY_SEARCH_PATHS = (
					"$(inherited)",
					"$(PROJECT_DIR)/Globus",
				);
				PRODUCT_BUNDLE_IDENTIFIER = "$(BundleIdentifier)";
				PRODUCT_NAME = "$(TARGET_NAME)";
				SWIFT_VERSION = 3.0;
				TARGETED_DEVICE_FAMILY = 1;
			};
			name = "Debug-Production";
		};
		8BEDC87A1D50F35700DD4812 /* Release-Production */ = {
			isa = XCBuildConfiguration;
			baseConfigurationReference = 8BEDC8731D50F1C000DD4812 /* Production.xcconfig */;
			buildSettings = {
				ALWAYS_SEARCH_USER_PATHS = NO;
				CLANG_ANALYZER_NONNULL = YES;
				CLANG_CXX_LANGUAGE_STANDARD = "gnu++0x";
				CLANG_CXX_LIBRARY = "libc++";
				CLANG_ENABLE_MODULES = YES;
				CLANG_ENABLE_OBJC_ARC = YES;
				CLANG_WARN_BOOL_CONVERSION = YES;
				CLANG_WARN_CONSTANT_CONVERSION = YES;
				CLANG_WARN_DIRECT_OBJC_ISA_USAGE = YES_ERROR;
				CLANG_WARN_DOCUMENTATION_COMMENTS = YES;
				CLANG_WARN_EMPTY_BODY = YES;
				CLANG_WARN_ENUM_CONVERSION = YES;
				CLANG_WARN_INFINITE_RECURSION = YES;
				CLANG_WARN_INT_CONVERSION = YES;
				CLANG_WARN_OBJC_ROOT_CLASS = YES_ERROR;
				CLANG_WARN_SUSPICIOUS_MOVES = YES;
				CLANG_WARN_UNREACHABLE_CODE = YES;
				CLANG_WARN__DUPLICATE_METHOD_MATCH = YES;
				"CODE_SIGN_IDENTITY[sdk=iphoneos*]" = "iPhone Developer";
				COPY_PHASE_STRIP = NO;
				DEBUG_INFORMATION_FORMAT = "dwarf-with-dsym";
				ENABLE_NS_ASSERTIONS = NO;
				ENABLE_STRICT_OBJC_MSGSEND = YES;
				GCC_C_LANGUAGE_STANDARD = gnu99;
				GCC_NO_COMMON_BLOCKS = YES;
				GCC_WARN_64_TO_32_BIT_CONVERSION = YES;
				GCC_WARN_ABOUT_RETURN_TYPE = YES_ERROR;
				GCC_WARN_UNDECLARED_SELECTOR = YES;
				GCC_WARN_UNINITIALIZED_AUTOS = YES_AGGRESSIVE;
				GCC_WARN_UNUSED_FUNCTION = YES;
				GCC_WARN_UNUSED_VARIABLE = YES;
				IPHONEOS_DEPLOYMENT_TARGET = 9.0;
				MTL_ENABLE_DEBUG_INFO = NO;
				SDKROOT = iphoneos;
				SWIFT_OPTIMIZATION_LEVEL = "-Owholemodule";
				TARGETED_DEVICE_FAMILY = "1,2";
				VALIDATE_PRODUCT = YES;
			};
			name = "Release-Production";
		};
		8BEDC87B1D50F35700DD4812 /* Release-Production */ = {
			isa = XCBuildConfiguration;
			buildSettings = {
				ASSETCATALOG_COMPILER_APPICON_NAME = "$(AppIcon)";
				DEVELOPMENT_TEAM = "";
				INFOPLIST_FILE = Globus/Info.plist;
				LD_RUNPATH_SEARCH_PATHS = "$(inherited) @executable_path/Frameworks";
				LIBRARY_SEARCH_PATHS = (
					"$(inherited)",
					"$(PROJECT_DIR)/Globus",
				);
				PRODUCT_BUNDLE_IDENTIFIER = "$(BundleIdentifier)";
				PRODUCT_NAME = "$(TARGET_NAME)";
				SWIFT_VERSION = 3.0;
				TARGETED_DEVICE_FAMILY = 1;
			};
			name = "Release-Production";
		};
		8BEDC87C1D50F35E00DD4812 /* AppStore */ = {
			isa = XCBuildConfiguration;
			baseConfigurationReference = 8BEDC8731D50F1C000DD4812 /* Production.xcconfig */;
			buildSettings = {
				ALWAYS_SEARCH_USER_PATHS = NO;
				CLANG_ANALYZER_NONNULL = YES;
				CLANG_CXX_LANGUAGE_STANDARD = "gnu++0x";
				CLANG_CXX_LIBRARY = "libc++";
				CLANG_ENABLE_MODULES = YES;
				CLANG_ENABLE_OBJC_ARC = YES;
				CLANG_WARN_BOOL_CONVERSION = YES;
				CLANG_WARN_CONSTANT_CONVERSION = YES;
				CLANG_WARN_DIRECT_OBJC_ISA_USAGE = YES_ERROR;
				CLANG_WARN_DOCUMENTATION_COMMENTS = YES;
				CLANG_WARN_EMPTY_BODY = YES;
				CLANG_WARN_ENUM_CONVERSION = YES;
				CLANG_WARN_INFINITE_RECURSION = YES;
				CLANG_WARN_INT_CONVERSION = YES;
				CLANG_WARN_OBJC_ROOT_CLASS = YES_ERROR;
				CLANG_WARN_SUSPICIOUS_MOVES = YES;
				CLANG_WARN_UNREACHABLE_CODE = YES;
				CLANG_WARN__DUPLICATE_METHOD_MATCH = YES;
				"CODE_SIGN_IDENTITY[sdk=iphoneos*]" = "iPhone Developer";
				COPY_PHASE_STRIP = NO;
				DEBUG_INFORMATION_FORMAT = "dwarf-with-dsym";
				ENABLE_NS_ASSERTIONS = NO;
				ENABLE_STRICT_OBJC_MSGSEND = YES;
				GCC_C_LANGUAGE_STANDARD = gnu99;
				GCC_NO_COMMON_BLOCKS = YES;
				GCC_WARN_64_TO_32_BIT_CONVERSION = YES;
				GCC_WARN_ABOUT_RETURN_TYPE = YES_ERROR;
				GCC_WARN_UNDECLARED_SELECTOR = YES;
				GCC_WARN_UNINITIALIZED_AUTOS = YES_AGGRESSIVE;
				GCC_WARN_UNUSED_FUNCTION = YES;
				GCC_WARN_UNUSED_VARIABLE = YES;
				IPHONEOS_DEPLOYMENT_TARGET = 9.0;
				MTL_ENABLE_DEBUG_INFO = NO;
				SDKROOT = iphoneos;
				SWIFT_OPTIMIZATION_LEVEL = "-Owholemodule";
				TARGETED_DEVICE_FAMILY = "1,2";
				VALIDATE_PRODUCT = YES;
			};
			name = AppStore;
		};
		8BEDC87D1D50F35E00DD4812 /* AppStore */ = {
			isa = XCBuildConfiguration;
			buildSettings = {
				ASSETCATALOG_COMPILER_APPICON_NAME = "$(AppIcon)";
				DEVELOPMENT_TEAM = "";
				INFOPLIST_FILE = Globus/Info.plist;
				LD_RUNPATH_SEARCH_PATHS = "$(inherited) @executable_path/Frameworks";
				LIBRARY_SEARCH_PATHS = (
					"$(inherited)",
					"$(PROJECT_DIR)/Globus",
				);
				PRODUCT_BUNDLE_IDENTIFIER = "$(BundleIdentifier)";
				PRODUCT_NAME = "$(TARGET_NAME)";
				SWIFT_VERSION = 3.0;
				TARGETED_DEVICE_FAMILY = 1;
			};
			name = AppStore;
		};
		8BEDC88A1D50F38300DD4812 /* Debug-Develop */ = {
			isa = XCBuildConfiguration;
			buildSettings = {
				ALWAYS_SEARCH_USER_PATHS = NO;
				BUNDLE_LOADER = "$(TEST_HOST)";
				CLANG_ANALYZER_NONNULL = YES;
				CLANG_CXX_LANGUAGE_STANDARD = "gnu++0x";
				CLANG_CXX_LIBRARY = "libc++";
				CLANG_ENABLE_MODULES = YES;
				CLANG_ENABLE_OBJC_ARC = YES;
				CLANG_WARN_BOOL_CONVERSION = YES;
				CLANG_WARN_CONSTANT_CONVERSION = YES;
				CLANG_WARN_DIRECT_OBJC_ISA_USAGE = YES_ERROR;
				CLANG_WARN_DOCUMENTATION_COMMENTS = YES;
				CLANG_WARN_EMPTY_BODY = YES;
				CLANG_WARN_ENUM_CONVERSION = YES;
				CLANG_WARN_INFINITE_RECURSION = YES;
				CLANG_WARN_INT_CONVERSION = YES;
				CLANG_WARN_OBJC_ROOT_CLASS = YES_ERROR;
				CLANG_WARN_SUSPICIOUS_MOVES = YES;
				CLANG_WARN_UNREACHABLE_CODE = YES;
				CLANG_WARN__DUPLICATE_METHOD_MATCH = YES;
				"CODE_SIGN_IDENTITY[sdk=iphoneos*]" = "iPhone Developer";
				COPY_PHASE_STRIP = NO;
				DEBUG_INFORMATION_FORMAT = dwarf;
				DEVELOPMENT_TEAM = 6R55RBD8VC;
				ENABLE_STRICT_OBJC_MSGSEND = YES;
				ENABLE_TESTABILITY = YES;
				GCC_C_LANGUAGE_STANDARD = gnu99;
				GCC_DYNAMIC_NO_PIC = NO;
				GCC_NO_COMMON_BLOCKS = YES;
				GCC_OPTIMIZATION_LEVEL = 0;
				GCC_PREPROCESSOR_DEFINITIONS = (
					"DEBUG=1",
					"$(inherited)",
				);
				GCC_WARN_64_TO_32_BIT_CONVERSION = YES;
				GCC_WARN_ABOUT_RETURN_TYPE = YES_ERROR;
				GCC_WARN_UNDECLARED_SELECTOR = YES;
				GCC_WARN_UNINITIALIZED_AUTOS = YES_AGGRESSIVE;
				GCC_WARN_UNUSED_FUNCTION = YES;
				GCC_WARN_UNUSED_VARIABLE = YES;
				INFOPLIST_FILE = "Globus Tests/Info.plist";
				IPHONEOS_DEPLOYMENT_TARGET = 10.0;
				LD_RUNPATH_SEARCH_PATHS = "$(inherited) @executable_path/Frameworks @loader_path/Frameworks";
				MTL_ENABLE_DEBUG_INFO = YES;
				ONLY_ACTIVE_ARCH = YES;
				PRODUCT_BUNDLE_IDENTIFIER = "com.appculture.Globus-Tests";
				PRODUCT_NAME = "$(TARGET_NAME)";
				SDKROOT = iphoneos;
				SWIFT_ACTIVE_COMPILATION_CONDITIONS = DEBUG;
				SWIFT_OPTIMIZATION_LEVEL = "-Onone";
				SWIFT_VERSION = 3.0;
				TEST_HOST = "$(BUILT_PRODUCTS_DIR)/Globus.app/Globus";
			};
			name = "Debug-Develop";
		};
		8BEDC88B1D50F38300DD4812 /* Debug-Stage */ = {
			isa = XCBuildConfiguration;
			buildSettings = {
				ALWAYS_SEARCH_USER_PATHS = NO;
				BUNDLE_LOADER = "$(TEST_HOST)";
				CLANG_ANALYZER_NONNULL = YES;
				CLANG_CXX_LANGUAGE_STANDARD = "gnu++0x";
				CLANG_CXX_LIBRARY = "libc++";
				CLANG_ENABLE_MODULES = YES;
				CLANG_ENABLE_OBJC_ARC = YES;
				CLANG_WARN_BOOL_CONVERSION = YES;
				CLANG_WARN_CONSTANT_CONVERSION = YES;
				CLANG_WARN_DIRECT_OBJC_ISA_USAGE = YES_ERROR;
				CLANG_WARN_DOCUMENTATION_COMMENTS = YES;
				CLANG_WARN_EMPTY_BODY = YES;
				CLANG_WARN_ENUM_CONVERSION = YES;
				CLANG_WARN_INFINITE_RECURSION = YES;
				CLANG_WARN_INT_CONVERSION = YES;
				CLANG_WARN_OBJC_ROOT_CLASS = YES_ERROR;
				CLANG_WARN_SUSPICIOUS_MOVES = YES;
				CLANG_WARN_UNREACHABLE_CODE = YES;
				CLANG_WARN__DUPLICATE_METHOD_MATCH = YES;
				"CODE_SIGN_IDENTITY[sdk=iphoneos*]" = "iPhone Developer";
				COPY_PHASE_STRIP = NO;
				DEBUG_INFORMATION_FORMAT = dwarf;
				DEVELOPMENT_TEAM = 6R55RBD8VC;
				ENABLE_STRICT_OBJC_MSGSEND = YES;
				ENABLE_TESTABILITY = YES;
				GCC_C_LANGUAGE_STANDARD = gnu99;
				GCC_DYNAMIC_NO_PIC = NO;
				GCC_NO_COMMON_BLOCKS = YES;
				GCC_OPTIMIZATION_LEVEL = 0;
				GCC_PREPROCESSOR_DEFINITIONS = (
					"DEBUG=1",
					"$(inherited)",
				);
				GCC_WARN_64_TO_32_BIT_CONVERSION = YES;
				GCC_WARN_ABOUT_RETURN_TYPE = YES_ERROR;
				GCC_WARN_UNDECLARED_SELECTOR = YES;
				GCC_WARN_UNINITIALIZED_AUTOS = YES_AGGRESSIVE;
				GCC_WARN_UNUSED_FUNCTION = YES;
				GCC_WARN_UNUSED_VARIABLE = YES;
				INFOPLIST_FILE = "Globus Tests/Info.plist";
				IPHONEOS_DEPLOYMENT_TARGET = 10.0;
				LD_RUNPATH_SEARCH_PATHS = "$(inherited) @executable_path/Frameworks @loader_path/Frameworks";
				MTL_ENABLE_DEBUG_INFO = YES;
				ONLY_ACTIVE_ARCH = YES;
				PRODUCT_BUNDLE_IDENTIFIER = "com.appculture.Globus-Tests";
				PRODUCT_NAME = "$(TARGET_NAME)";
				SDKROOT = iphoneos;
				SWIFT_ACTIVE_COMPILATION_CONDITIONS = DEBUG;
				SWIFT_OPTIMIZATION_LEVEL = "-Onone";
				SWIFT_VERSION = 3.0;
				TEST_HOST = "$(BUILT_PRODUCTS_DIR)/Globus.app/Globus";
			};
			name = "Debug-Stage";
		};
		8BEDC88C1D50F38300DD4812 /* Debug-Production */ = {
			isa = XCBuildConfiguration;
			buildSettings = {
				ALWAYS_SEARCH_USER_PATHS = NO;
				BUNDLE_LOADER = "$(TEST_HOST)";
				CLANG_ANALYZER_NONNULL = YES;
				CLANG_CXX_LANGUAGE_STANDARD = "gnu++0x";
				CLANG_CXX_LIBRARY = "libc++";
				CLANG_ENABLE_MODULES = YES;
				CLANG_ENABLE_OBJC_ARC = YES;
				CLANG_WARN_BOOL_CONVERSION = YES;
				CLANG_WARN_CONSTANT_CONVERSION = YES;
				CLANG_WARN_DIRECT_OBJC_ISA_USAGE = YES_ERROR;
				CLANG_WARN_DOCUMENTATION_COMMENTS = YES;
				CLANG_WARN_EMPTY_BODY = YES;
				CLANG_WARN_ENUM_CONVERSION = YES;
				CLANG_WARN_INFINITE_RECURSION = YES;
				CLANG_WARN_INT_CONVERSION = YES;
				CLANG_WARN_OBJC_ROOT_CLASS = YES_ERROR;
				CLANG_WARN_SUSPICIOUS_MOVES = YES;
				CLANG_WARN_UNREACHABLE_CODE = YES;
				CLANG_WARN__DUPLICATE_METHOD_MATCH = YES;
				"CODE_SIGN_IDENTITY[sdk=iphoneos*]" = "iPhone Developer";
				COPY_PHASE_STRIP = NO;
				DEBUG_INFORMATION_FORMAT = dwarf;
				DEVELOPMENT_TEAM = 6R55RBD8VC;
				ENABLE_STRICT_OBJC_MSGSEND = YES;
				ENABLE_TESTABILITY = YES;
				GCC_C_LANGUAGE_STANDARD = gnu99;
				GCC_DYNAMIC_NO_PIC = NO;
				GCC_NO_COMMON_BLOCKS = YES;
				GCC_OPTIMIZATION_LEVEL = 0;
				GCC_PREPROCESSOR_DEFINITIONS = (
					"DEBUG=1",
					"$(inherited)",
				);
				GCC_WARN_64_TO_32_BIT_CONVERSION = YES;
				GCC_WARN_ABOUT_RETURN_TYPE = YES_ERROR;
				GCC_WARN_UNDECLARED_SELECTOR = YES;
				GCC_WARN_UNINITIALIZED_AUTOS = YES_AGGRESSIVE;
				GCC_WARN_UNUSED_FUNCTION = YES;
				GCC_WARN_UNUSED_VARIABLE = YES;
				INFOPLIST_FILE = "Globus Tests/Info.plist";
				IPHONEOS_DEPLOYMENT_TARGET = 10.0;
				LD_RUNPATH_SEARCH_PATHS = "$(inherited) @executable_path/Frameworks @loader_path/Frameworks";
				MTL_ENABLE_DEBUG_INFO = YES;
				ONLY_ACTIVE_ARCH = YES;
				PRODUCT_BUNDLE_IDENTIFIER = "com.appculture.Globus-Tests";
				PRODUCT_NAME = "$(TARGET_NAME)";
				SDKROOT = iphoneos;
				SWIFT_ACTIVE_COMPILATION_CONDITIONS = DEBUG;
				SWIFT_OPTIMIZATION_LEVEL = "-Onone";
				SWIFT_VERSION = 3.0;
				TEST_HOST = "$(BUILT_PRODUCTS_DIR)/Globus.app/Globus";
			};
			name = "Debug-Production";
		};
		8BEDC88D1D50F38300DD4812 /* Release-Develop */ = {
			isa = XCBuildConfiguration;
			buildSettings = {
				ALWAYS_SEARCH_USER_PATHS = NO;
				BUNDLE_LOADER = "$(TEST_HOST)";
				CLANG_ANALYZER_NONNULL = YES;
				CLANG_CXX_LANGUAGE_STANDARD = "gnu++0x";
				CLANG_CXX_LIBRARY = "libc++";
				CLANG_ENABLE_MODULES = YES;
				CLANG_ENABLE_OBJC_ARC = YES;
				CLANG_WARN_BOOL_CONVERSION = YES;
				CLANG_WARN_CONSTANT_CONVERSION = YES;
				CLANG_WARN_DIRECT_OBJC_ISA_USAGE = YES_ERROR;
				CLANG_WARN_DOCUMENTATION_COMMENTS = YES;
				CLANG_WARN_EMPTY_BODY = YES;
				CLANG_WARN_ENUM_CONVERSION = YES;
				CLANG_WARN_INFINITE_RECURSION = YES;
				CLANG_WARN_INT_CONVERSION = YES;
				CLANG_WARN_OBJC_ROOT_CLASS = YES_ERROR;
				CLANG_WARN_SUSPICIOUS_MOVES = YES;
				CLANG_WARN_UNREACHABLE_CODE = YES;
				CLANG_WARN__DUPLICATE_METHOD_MATCH = YES;
				"CODE_SIGN_IDENTITY[sdk=iphoneos*]" = "iPhone Developer";
				COPY_PHASE_STRIP = NO;
				DEBUG_INFORMATION_FORMAT = "dwarf-with-dsym";
				DEVELOPMENT_TEAM = 6R55RBD8VC;
				ENABLE_NS_ASSERTIONS = NO;
				ENABLE_STRICT_OBJC_MSGSEND = YES;
				GCC_C_LANGUAGE_STANDARD = gnu99;
				GCC_NO_COMMON_BLOCKS = YES;
				GCC_WARN_64_TO_32_BIT_CONVERSION = YES;
				GCC_WARN_ABOUT_RETURN_TYPE = YES_ERROR;
				GCC_WARN_UNDECLARED_SELECTOR = YES;
				GCC_WARN_UNINITIALIZED_AUTOS = YES_AGGRESSIVE;
				GCC_WARN_UNUSED_FUNCTION = YES;
				GCC_WARN_UNUSED_VARIABLE = YES;
				INFOPLIST_FILE = "Globus Tests/Info.plist";
				IPHONEOS_DEPLOYMENT_TARGET = 10.0;
				LD_RUNPATH_SEARCH_PATHS = "$(inherited) @executable_path/Frameworks @loader_path/Frameworks";
				MTL_ENABLE_DEBUG_INFO = NO;
				PRODUCT_BUNDLE_IDENTIFIER = "com.appculture.Globus-Tests";
				PRODUCT_NAME = "$(TARGET_NAME)";
				SDKROOT = iphoneos;
				SWIFT_OPTIMIZATION_LEVEL = "-Owholemodule";
				SWIFT_VERSION = 3.0;
				TEST_HOST = "$(BUILT_PRODUCTS_DIR)/Globus.app/Globus";
				VALIDATE_PRODUCT = YES;
			};
			name = "Release-Develop";
		};
		8BEDC88E1D50F38300DD4812 /* Release-Stage */ = {
			isa = XCBuildConfiguration;
			buildSettings = {
				ALWAYS_SEARCH_USER_PATHS = NO;
				BUNDLE_LOADER = "$(TEST_HOST)";
				CLANG_ANALYZER_NONNULL = YES;
				CLANG_CXX_LANGUAGE_STANDARD = "gnu++0x";
				CLANG_CXX_LIBRARY = "libc++";
				CLANG_ENABLE_MODULES = YES;
				CLANG_ENABLE_OBJC_ARC = YES;
				CLANG_WARN_BOOL_CONVERSION = YES;
				CLANG_WARN_CONSTANT_CONVERSION = YES;
				CLANG_WARN_DIRECT_OBJC_ISA_USAGE = YES_ERROR;
				CLANG_WARN_DOCUMENTATION_COMMENTS = YES;
				CLANG_WARN_EMPTY_BODY = YES;
				CLANG_WARN_ENUM_CONVERSION = YES;
				CLANG_WARN_INFINITE_RECURSION = YES;
				CLANG_WARN_INT_CONVERSION = YES;
				CLANG_WARN_OBJC_ROOT_CLASS = YES_ERROR;
				CLANG_WARN_SUSPICIOUS_MOVES = YES;
				CLANG_WARN_UNREACHABLE_CODE = YES;
				CLANG_WARN__DUPLICATE_METHOD_MATCH = YES;
				"CODE_SIGN_IDENTITY[sdk=iphoneos*]" = "iPhone Developer";
				COPY_PHASE_STRIP = NO;
				DEBUG_INFORMATION_FORMAT = "dwarf-with-dsym";
				DEVELOPMENT_TEAM = 6R55RBD8VC;
				ENABLE_NS_ASSERTIONS = NO;
				ENABLE_STRICT_OBJC_MSGSEND = YES;
				GCC_C_LANGUAGE_STANDARD = gnu99;
				GCC_NO_COMMON_BLOCKS = YES;
				GCC_WARN_64_TO_32_BIT_CONVERSION = YES;
				GCC_WARN_ABOUT_RETURN_TYPE = YES_ERROR;
				GCC_WARN_UNDECLARED_SELECTOR = YES;
				GCC_WARN_UNINITIALIZED_AUTOS = YES_AGGRESSIVE;
				GCC_WARN_UNUSED_FUNCTION = YES;
				GCC_WARN_UNUSED_VARIABLE = YES;
				INFOPLIST_FILE = "Globus Tests/Info.plist";
				IPHONEOS_DEPLOYMENT_TARGET = 10.0;
				LD_RUNPATH_SEARCH_PATHS = "$(inherited) @executable_path/Frameworks @loader_path/Frameworks";
				MTL_ENABLE_DEBUG_INFO = NO;
				PRODUCT_BUNDLE_IDENTIFIER = "com.appculture.Globus-Tests";
				PRODUCT_NAME = "$(TARGET_NAME)";
				SDKROOT = iphoneos;
				SWIFT_OPTIMIZATION_LEVEL = "-Owholemodule";
				SWIFT_VERSION = 3.0;
				TEST_HOST = "$(BUILT_PRODUCTS_DIR)/Globus.app/Globus";
				VALIDATE_PRODUCT = YES;
			};
			name = "Release-Stage";
		};
		8BEDC88F1D50F38300DD4812 /* Release-Production */ = {
			isa = XCBuildConfiguration;
			buildSettings = {
				ALWAYS_SEARCH_USER_PATHS = NO;
				BUNDLE_LOADER = "$(TEST_HOST)";
				CLANG_ANALYZER_NONNULL = YES;
				CLANG_CXX_LANGUAGE_STANDARD = "gnu++0x";
				CLANG_CXX_LIBRARY = "libc++";
				CLANG_ENABLE_MODULES = YES;
				CLANG_ENABLE_OBJC_ARC = YES;
				CLANG_WARN_BOOL_CONVERSION = YES;
				CLANG_WARN_CONSTANT_CONVERSION = YES;
				CLANG_WARN_DIRECT_OBJC_ISA_USAGE = YES_ERROR;
				CLANG_WARN_DOCUMENTATION_COMMENTS = YES;
				CLANG_WARN_EMPTY_BODY = YES;
				CLANG_WARN_ENUM_CONVERSION = YES;
				CLANG_WARN_INFINITE_RECURSION = YES;
				CLANG_WARN_INT_CONVERSION = YES;
				CLANG_WARN_OBJC_ROOT_CLASS = YES_ERROR;
				CLANG_WARN_SUSPICIOUS_MOVES = YES;
				CLANG_WARN_UNREACHABLE_CODE = YES;
				CLANG_WARN__DUPLICATE_METHOD_MATCH = YES;
				"CODE_SIGN_IDENTITY[sdk=iphoneos*]" = "iPhone Developer";
				COPY_PHASE_STRIP = NO;
				DEBUG_INFORMATION_FORMAT = "dwarf-with-dsym";
				DEVELOPMENT_TEAM = 6R55RBD8VC;
				ENABLE_NS_ASSERTIONS = NO;
				ENABLE_STRICT_OBJC_MSGSEND = YES;
				GCC_C_LANGUAGE_STANDARD = gnu99;
				GCC_NO_COMMON_BLOCKS = YES;
				GCC_WARN_64_TO_32_BIT_CONVERSION = YES;
				GCC_WARN_ABOUT_RETURN_TYPE = YES_ERROR;
				GCC_WARN_UNDECLARED_SELECTOR = YES;
				GCC_WARN_UNINITIALIZED_AUTOS = YES_AGGRESSIVE;
				GCC_WARN_UNUSED_FUNCTION = YES;
				GCC_WARN_UNUSED_VARIABLE = YES;
				INFOPLIST_FILE = "Globus Tests/Info.plist";
				IPHONEOS_DEPLOYMENT_TARGET = 10.0;
				LD_RUNPATH_SEARCH_PATHS = "$(inherited) @executable_path/Frameworks @loader_path/Frameworks";
				MTL_ENABLE_DEBUG_INFO = NO;
				PRODUCT_BUNDLE_IDENTIFIER = "com.appculture.Globus-Tests";
				PRODUCT_NAME = "$(TARGET_NAME)";
				SDKROOT = iphoneos;
				SWIFT_OPTIMIZATION_LEVEL = "-Owholemodule";
				SWIFT_VERSION = 3.0;
				TEST_HOST = "$(BUILT_PRODUCTS_DIR)/Globus.app/Globus";
				VALIDATE_PRODUCT = YES;
			};
			name = "Release-Production";
		};
		8BEDC8901D50F38300DD4812 /* AppStore */ = {
			isa = XCBuildConfiguration;
			buildSettings = {
				ALWAYS_SEARCH_USER_PATHS = NO;
				BUNDLE_LOADER = "$(TEST_HOST)";
				CLANG_ANALYZER_NONNULL = YES;
				CLANG_CXX_LANGUAGE_STANDARD = "gnu++0x";
				CLANG_CXX_LIBRARY = "libc++";
				CLANG_ENABLE_MODULES = YES;
				CLANG_ENABLE_OBJC_ARC = YES;
				CLANG_WARN_BOOL_CONVERSION = YES;
				CLANG_WARN_CONSTANT_CONVERSION = YES;
				CLANG_WARN_DIRECT_OBJC_ISA_USAGE = YES_ERROR;
				CLANG_WARN_DOCUMENTATION_COMMENTS = YES;
				CLANG_WARN_EMPTY_BODY = YES;
				CLANG_WARN_ENUM_CONVERSION = YES;
				CLANG_WARN_INFINITE_RECURSION = YES;
				CLANG_WARN_INT_CONVERSION = YES;
				CLANG_WARN_OBJC_ROOT_CLASS = YES_ERROR;
				CLANG_WARN_SUSPICIOUS_MOVES = YES;
				CLANG_WARN_UNREACHABLE_CODE = YES;
				CLANG_WARN__DUPLICATE_METHOD_MATCH = YES;
				"CODE_SIGN_IDENTITY[sdk=iphoneos*]" = "iPhone Developer";
				COPY_PHASE_STRIP = NO;
				DEBUG_INFORMATION_FORMAT = "dwarf-with-dsym";
				DEVELOPMENT_TEAM = 6R55RBD8VC;
				ENABLE_NS_ASSERTIONS = NO;
				ENABLE_STRICT_OBJC_MSGSEND = YES;
				GCC_C_LANGUAGE_STANDARD = gnu99;
				GCC_NO_COMMON_BLOCKS = YES;
				GCC_WARN_64_TO_32_BIT_CONVERSION = YES;
				GCC_WARN_ABOUT_RETURN_TYPE = YES_ERROR;
				GCC_WARN_UNDECLARED_SELECTOR = YES;
				GCC_WARN_UNINITIALIZED_AUTOS = YES_AGGRESSIVE;
				GCC_WARN_UNUSED_FUNCTION = YES;
				GCC_WARN_UNUSED_VARIABLE = YES;
				INFOPLIST_FILE = "Globus Tests/Info.plist";
				IPHONEOS_DEPLOYMENT_TARGET = 10.0;
				LD_RUNPATH_SEARCH_PATHS = "$(inherited) @executable_path/Frameworks @loader_path/Frameworks";
				MTL_ENABLE_DEBUG_INFO = NO;
				PRODUCT_BUNDLE_IDENTIFIER = "com.appculture.Globus-Tests";
				PRODUCT_NAME = "$(TARGET_NAME)";
				SDKROOT = iphoneos;
				SWIFT_OPTIMIZATION_LEVEL = "-Owholemodule";
				SWIFT_VERSION = 3.0;
				TEST_HOST = "$(BUILT_PRODUCTS_DIR)/Globus.app/Globus";
				VALIDATE_PRODUCT = YES;
			};
			name = AppStore;
		};
		8BEDC89D1D50F38E00DD4812 /* Debug-Develop */ = {
			isa = XCBuildConfiguration;
			buildSettings = {
				ALWAYS_SEARCH_USER_PATHS = NO;
				CLANG_ANALYZER_NONNULL = YES;
				CLANG_CXX_LANGUAGE_STANDARD = "gnu++0x";
				CLANG_CXX_LIBRARY = "libc++";
				CLANG_ENABLE_MODULES = YES;
				CLANG_ENABLE_OBJC_ARC = YES;
				CLANG_WARN_BOOL_CONVERSION = YES;
				CLANG_WARN_CONSTANT_CONVERSION = YES;
				CLANG_WARN_DIRECT_OBJC_ISA_USAGE = YES_ERROR;
				CLANG_WARN_DOCUMENTATION_COMMENTS = YES;
				CLANG_WARN_EMPTY_BODY = YES;
				CLANG_WARN_ENUM_CONVERSION = YES;
				CLANG_WARN_INFINITE_RECURSION = YES;
				CLANG_WARN_INT_CONVERSION = YES;
				CLANG_WARN_OBJC_ROOT_CLASS = YES_ERROR;
				CLANG_WARN_SUSPICIOUS_MOVES = YES;
				CLANG_WARN_UNREACHABLE_CODE = YES;
				CLANG_WARN__DUPLICATE_METHOD_MATCH = YES;
				"CODE_SIGN_IDENTITY[sdk=iphoneos*]" = "iPhone Developer";
				COPY_PHASE_STRIP = NO;
				DEBUG_INFORMATION_FORMAT = dwarf;
				DEVELOPMENT_TEAM = 6R55RBD8VC;
				ENABLE_STRICT_OBJC_MSGSEND = YES;
				ENABLE_TESTABILITY = YES;
				GCC_C_LANGUAGE_STANDARD = gnu99;
				GCC_DYNAMIC_NO_PIC = NO;
				GCC_NO_COMMON_BLOCKS = YES;
				GCC_OPTIMIZATION_LEVEL = 0;
				GCC_PREPROCESSOR_DEFINITIONS = (
					"DEBUG=1",
					"$(inherited)",
				);
				GCC_WARN_64_TO_32_BIT_CONVERSION = YES;
				GCC_WARN_ABOUT_RETURN_TYPE = YES_ERROR;
				GCC_WARN_UNDECLARED_SELECTOR = YES;
				GCC_WARN_UNINITIALIZED_AUTOS = YES_AGGRESSIVE;
				GCC_WARN_UNUSED_FUNCTION = YES;
				GCC_WARN_UNUSED_VARIABLE = YES;
				INFOPLIST_FILE = "Globus UITests/Info.plist";
				IPHONEOS_DEPLOYMENT_TARGET = 10.0;
				LD_RUNPATH_SEARCH_PATHS = "$(inherited) @executable_path/Frameworks @loader_path/Frameworks";
				MTL_ENABLE_DEBUG_INFO = YES;
				ONLY_ACTIVE_ARCH = YES;
				PRODUCT_BUNDLE_IDENTIFIER = "com.appculture.Globus-UITests";
				PRODUCT_NAME = "$(TARGET_NAME)";
				SDKROOT = iphoneos;
				SWIFT_ACTIVE_COMPILATION_CONDITIONS = DEBUG;
				SWIFT_OPTIMIZATION_LEVEL = "-Onone";
				SWIFT_VERSION = 3.0;
				TEST_TARGET_NAME = Globus;
			};
			name = "Debug-Develop";
		};
		8BEDC89E1D50F38E00DD4812 /* Debug-Stage */ = {
			isa = XCBuildConfiguration;
			buildSettings = {
				ALWAYS_SEARCH_USER_PATHS = NO;
				CLANG_ANALYZER_NONNULL = YES;
				CLANG_CXX_LANGUAGE_STANDARD = "gnu++0x";
				CLANG_CXX_LIBRARY = "libc++";
				CLANG_ENABLE_MODULES = YES;
				CLANG_ENABLE_OBJC_ARC = YES;
				CLANG_WARN_BOOL_CONVERSION = YES;
				CLANG_WARN_CONSTANT_CONVERSION = YES;
				CLANG_WARN_DIRECT_OBJC_ISA_USAGE = YES_ERROR;
				CLANG_WARN_DOCUMENTATION_COMMENTS = YES;
				CLANG_WARN_EMPTY_BODY = YES;
				CLANG_WARN_ENUM_CONVERSION = YES;
				CLANG_WARN_INFINITE_RECURSION = YES;
				CLANG_WARN_INT_CONVERSION = YES;
				CLANG_WARN_OBJC_ROOT_CLASS = YES_ERROR;
				CLANG_WARN_SUSPICIOUS_MOVES = YES;
				CLANG_WARN_UNREACHABLE_CODE = YES;
				CLANG_WARN__DUPLICATE_METHOD_MATCH = YES;
				"CODE_SIGN_IDENTITY[sdk=iphoneos*]" = "iPhone Developer";
				COPY_PHASE_STRIP = NO;
				DEBUG_INFORMATION_FORMAT = dwarf;
				DEVELOPMENT_TEAM = 6R55RBD8VC;
				ENABLE_STRICT_OBJC_MSGSEND = YES;
				ENABLE_TESTABILITY = YES;
				GCC_C_LANGUAGE_STANDARD = gnu99;
				GCC_DYNAMIC_NO_PIC = NO;
				GCC_NO_COMMON_BLOCKS = YES;
				GCC_OPTIMIZATION_LEVEL = 0;
				GCC_PREPROCESSOR_DEFINITIONS = (
					"DEBUG=1",
					"$(inherited)",
				);
				GCC_WARN_64_TO_32_BIT_CONVERSION = YES;
				GCC_WARN_ABOUT_RETURN_TYPE = YES_ERROR;
				GCC_WARN_UNDECLARED_SELECTOR = YES;
				GCC_WARN_UNINITIALIZED_AUTOS = YES_AGGRESSIVE;
				GCC_WARN_UNUSED_FUNCTION = YES;
				GCC_WARN_UNUSED_VARIABLE = YES;
				INFOPLIST_FILE = "Globus UITests/Info.plist";
				IPHONEOS_DEPLOYMENT_TARGET = 10.0;
				LD_RUNPATH_SEARCH_PATHS = "$(inherited) @executable_path/Frameworks @loader_path/Frameworks";
				MTL_ENABLE_DEBUG_INFO = YES;
				ONLY_ACTIVE_ARCH = YES;
				PRODUCT_BUNDLE_IDENTIFIER = "com.appculture.Globus-UITests";
				PRODUCT_NAME = "$(TARGET_NAME)";
				SDKROOT = iphoneos;
				SWIFT_ACTIVE_COMPILATION_CONDITIONS = DEBUG;
				SWIFT_OPTIMIZATION_LEVEL = "-Onone";
				SWIFT_VERSION = 3.0;
				TEST_TARGET_NAME = Globus;
			};
			name = "Debug-Stage";
		};
		8BEDC89F1D50F38E00DD4812 /* Debug-Production */ = {
			isa = XCBuildConfiguration;
			buildSettings = {
				ALWAYS_SEARCH_USER_PATHS = NO;
				CLANG_ANALYZER_NONNULL = YES;
				CLANG_CXX_LANGUAGE_STANDARD = "gnu++0x";
				CLANG_CXX_LIBRARY = "libc++";
				CLANG_ENABLE_MODULES = YES;
				CLANG_ENABLE_OBJC_ARC = YES;
				CLANG_WARN_BOOL_CONVERSION = YES;
				CLANG_WARN_CONSTANT_CONVERSION = YES;
				CLANG_WARN_DIRECT_OBJC_ISA_USAGE = YES_ERROR;
				CLANG_WARN_DOCUMENTATION_COMMENTS = YES;
				CLANG_WARN_EMPTY_BODY = YES;
				CLANG_WARN_ENUM_CONVERSION = YES;
				CLANG_WARN_INFINITE_RECURSION = YES;
				CLANG_WARN_INT_CONVERSION = YES;
				CLANG_WARN_OBJC_ROOT_CLASS = YES_ERROR;
				CLANG_WARN_SUSPICIOUS_MOVES = YES;
				CLANG_WARN_UNREACHABLE_CODE = YES;
				CLANG_WARN__DUPLICATE_METHOD_MATCH = YES;
				"CODE_SIGN_IDENTITY[sdk=iphoneos*]" = "iPhone Developer";
				COPY_PHASE_STRIP = NO;
				DEBUG_INFORMATION_FORMAT = dwarf;
				DEVELOPMENT_TEAM = 6R55RBD8VC;
				ENABLE_STRICT_OBJC_MSGSEND = YES;
				ENABLE_TESTABILITY = YES;
				GCC_C_LANGUAGE_STANDARD = gnu99;
				GCC_DYNAMIC_NO_PIC = NO;
				GCC_NO_COMMON_BLOCKS = YES;
				GCC_OPTIMIZATION_LEVEL = 0;
				GCC_PREPROCESSOR_DEFINITIONS = (
					"DEBUG=1",
					"$(inherited)",
				);
				GCC_WARN_64_TO_32_BIT_CONVERSION = YES;
				GCC_WARN_ABOUT_RETURN_TYPE = YES_ERROR;
				GCC_WARN_UNDECLARED_SELECTOR = YES;
				GCC_WARN_UNINITIALIZED_AUTOS = YES_AGGRESSIVE;
				GCC_WARN_UNUSED_FUNCTION = YES;
				GCC_WARN_UNUSED_VARIABLE = YES;
				INFOPLIST_FILE = "Globus UITests/Info.plist";
				IPHONEOS_DEPLOYMENT_TARGET = 10.0;
				LD_RUNPATH_SEARCH_PATHS = "$(inherited) @executable_path/Frameworks @loader_path/Frameworks";
				MTL_ENABLE_DEBUG_INFO = YES;
				ONLY_ACTIVE_ARCH = YES;
				PRODUCT_BUNDLE_IDENTIFIER = "com.appculture.Globus-UITests";
				PRODUCT_NAME = "$(TARGET_NAME)";
				SDKROOT = iphoneos;
				SWIFT_ACTIVE_COMPILATION_CONDITIONS = DEBUG;
				SWIFT_OPTIMIZATION_LEVEL = "-Onone";
				SWIFT_VERSION = 3.0;
				TEST_TARGET_NAME = Globus;
			};
			name = "Debug-Production";
		};
		8BEDC8A01D50F38E00DD4812 /* Release-Develop */ = {
			isa = XCBuildConfiguration;
			buildSettings = {
				ALWAYS_SEARCH_USER_PATHS = NO;
				CLANG_ANALYZER_NONNULL = YES;
				CLANG_CXX_LANGUAGE_STANDARD = "gnu++0x";
				CLANG_CXX_LIBRARY = "libc++";
				CLANG_ENABLE_MODULES = YES;
				CLANG_ENABLE_OBJC_ARC = YES;
				CLANG_WARN_BOOL_CONVERSION = YES;
				CLANG_WARN_CONSTANT_CONVERSION = YES;
				CLANG_WARN_DIRECT_OBJC_ISA_USAGE = YES_ERROR;
				CLANG_WARN_DOCUMENTATION_COMMENTS = YES;
				CLANG_WARN_EMPTY_BODY = YES;
				CLANG_WARN_ENUM_CONVERSION = YES;
				CLANG_WARN_INFINITE_RECURSION = YES;
				CLANG_WARN_INT_CONVERSION = YES;
				CLANG_WARN_OBJC_ROOT_CLASS = YES_ERROR;
				CLANG_WARN_SUSPICIOUS_MOVES = YES;
				CLANG_WARN_UNREACHABLE_CODE = YES;
				CLANG_WARN__DUPLICATE_METHOD_MATCH = YES;
				"CODE_SIGN_IDENTITY[sdk=iphoneos*]" = "iPhone Developer";
				COPY_PHASE_STRIP = NO;
				DEBUG_INFORMATION_FORMAT = "dwarf-with-dsym";
				DEVELOPMENT_TEAM = 6R55RBD8VC;
				ENABLE_NS_ASSERTIONS = NO;
				ENABLE_STRICT_OBJC_MSGSEND = YES;
				GCC_C_LANGUAGE_STANDARD = gnu99;
				GCC_NO_COMMON_BLOCKS = YES;
				GCC_WARN_64_TO_32_BIT_CONVERSION = YES;
				GCC_WARN_ABOUT_RETURN_TYPE = YES_ERROR;
				GCC_WARN_UNDECLARED_SELECTOR = YES;
				GCC_WARN_UNINITIALIZED_AUTOS = YES_AGGRESSIVE;
				GCC_WARN_UNUSED_FUNCTION = YES;
				GCC_WARN_UNUSED_VARIABLE = YES;
				INFOPLIST_FILE = "Globus UITests/Info.plist";
				IPHONEOS_DEPLOYMENT_TARGET = 10.0;
				LD_RUNPATH_SEARCH_PATHS = "$(inherited) @executable_path/Frameworks @loader_path/Frameworks";
				MTL_ENABLE_DEBUG_INFO = NO;
				PRODUCT_BUNDLE_IDENTIFIER = "com.appculture.Globus-UITests";
				PRODUCT_NAME = "$(TARGET_NAME)";
				SDKROOT = iphoneos;
				SWIFT_OPTIMIZATION_LEVEL = "-Owholemodule";
				SWIFT_VERSION = 3.0;
				TEST_TARGET_NAME = Globus;
				VALIDATE_PRODUCT = YES;
			};
			name = "Release-Develop";
		};
		8BEDC8A11D50F38E00DD4812 /* Release-Stage */ = {
			isa = XCBuildConfiguration;
			buildSettings = {
				ALWAYS_SEARCH_USER_PATHS = NO;
				CLANG_ANALYZER_NONNULL = YES;
				CLANG_CXX_LANGUAGE_STANDARD = "gnu++0x";
				CLANG_CXX_LIBRARY = "libc++";
				CLANG_ENABLE_MODULES = YES;
				CLANG_ENABLE_OBJC_ARC = YES;
				CLANG_WARN_BOOL_CONVERSION = YES;
				CLANG_WARN_CONSTANT_CONVERSION = YES;
				CLANG_WARN_DIRECT_OBJC_ISA_USAGE = YES_ERROR;
				CLANG_WARN_DOCUMENTATION_COMMENTS = YES;
				CLANG_WARN_EMPTY_BODY = YES;
				CLANG_WARN_ENUM_CONVERSION = YES;
				CLANG_WARN_INFINITE_RECURSION = YES;
				CLANG_WARN_INT_CONVERSION = YES;
				CLANG_WARN_OBJC_ROOT_CLASS = YES_ERROR;
				CLANG_WARN_SUSPICIOUS_MOVES = YES;
				CLANG_WARN_UNREACHABLE_CODE = YES;
				CLANG_WARN__DUPLICATE_METHOD_MATCH = YES;
				"CODE_SIGN_IDENTITY[sdk=iphoneos*]" = "iPhone Developer";
				COPY_PHASE_STRIP = NO;
				DEBUG_INFORMATION_FORMAT = "dwarf-with-dsym";
				DEVELOPMENT_TEAM = 6R55RBD8VC;
				ENABLE_NS_ASSERTIONS = NO;
				ENABLE_STRICT_OBJC_MSGSEND = YES;
				GCC_C_LANGUAGE_STANDARD = gnu99;
				GCC_NO_COMMON_BLOCKS = YES;
				GCC_WARN_64_TO_32_BIT_CONVERSION = YES;
				GCC_WARN_ABOUT_RETURN_TYPE = YES_ERROR;
				GCC_WARN_UNDECLARED_SELECTOR = YES;
				GCC_WARN_UNINITIALIZED_AUTOS = YES_AGGRESSIVE;
				GCC_WARN_UNUSED_FUNCTION = YES;
				GCC_WARN_UNUSED_VARIABLE = YES;
				INFOPLIST_FILE = "Globus UITests/Info.plist";
				IPHONEOS_DEPLOYMENT_TARGET = 10.0;
				LD_RUNPATH_SEARCH_PATHS = "$(inherited) @executable_path/Frameworks @loader_path/Frameworks";
				MTL_ENABLE_DEBUG_INFO = NO;
				PRODUCT_BUNDLE_IDENTIFIER = "com.appculture.Globus-UITests";
				PRODUCT_NAME = "$(TARGET_NAME)";
				SDKROOT = iphoneos;
				SWIFT_OPTIMIZATION_LEVEL = "-Owholemodule";
				SWIFT_VERSION = 3.0;
				TEST_TARGET_NAME = Globus;
				VALIDATE_PRODUCT = YES;
			};
			name = "Release-Stage";
		};
		8BEDC8A21D50F38E00DD4812 /* Release-Production */ = {
			isa = XCBuildConfiguration;
			buildSettings = {
				ALWAYS_SEARCH_USER_PATHS = NO;
				CLANG_ANALYZER_NONNULL = YES;
				CLANG_CXX_LANGUAGE_STANDARD = "gnu++0x";
				CLANG_CXX_LIBRARY = "libc++";
				CLANG_ENABLE_MODULES = YES;
				CLANG_ENABLE_OBJC_ARC = YES;
				CLANG_WARN_BOOL_CONVERSION = YES;
				CLANG_WARN_CONSTANT_CONVERSION = YES;
				CLANG_WARN_DIRECT_OBJC_ISA_USAGE = YES_ERROR;
				CLANG_WARN_DOCUMENTATION_COMMENTS = YES;
				CLANG_WARN_EMPTY_BODY = YES;
				CLANG_WARN_ENUM_CONVERSION = YES;
				CLANG_WARN_INFINITE_RECURSION = YES;
				CLANG_WARN_INT_CONVERSION = YES;
				CLANG_WARN_OBJC_ROOT_CLASS = YES_ERROR;
				CLANG_WARN_SUSPICIOUS_MOVES = YES;
				CLANG_WARN_UNREACHABLE_CODE = YES;
				CLANG_WARN__DUPLICATE_METHOD_MATCH = YES;
				"CODE_SIGN_IDENTITY[sdk=iphoneos*]" = "iPhone Developer";
				COPY_PHASE_STRIP = NO;
				DEBUG_INFORMATION_FORMAT = "dwarf-with-dsym";
				DEVELOPMENT_TEAM = 6R55RBD8VC;
				ENABLE_NS_ASSERTIONS = NO;
				ENABLE_STRICT_OBJC_MSGSEND = YES;
				GCC_C_LANGUAGE_STANDARD = gnu99;
				GCC_NO_COMMON_BLOCKS = YES;
				GCC_WARN_64_TO_32_BIT_CONVERSION = YES;
				GCC_WARN_ABOUT_RETURN_TYPE = YES_ERROR;
				GCC_WARN_UNDECLARED_SELECTOR = YES;
				GCC_WARN_UNINITIALIZED_AUTOS = YES_AGGRESSIVE;
				GCC_WARN_UNUSED_FUNCTION = YES;
				GCC_WARN_UNUSED_VARIABLE = YES;
				INFOPLIST_FILE = "Globus UITests/Info.plist";
				IPHONEOS_DEPLOYMENT_TARGET = 10.0;
				LD_RUNPATH_SEARCH_PATHS = "$(inherited) @executable_path/Frameworks @loader_path/Frameworks";
				MTL_ENABLE_DEBUG_INFO = NO;
				PRODUCT_BUNDLE_IDENTIFIER = "com.appculture.Globus-UITests";
				PRODUCT_NAME = "$(TARGET_NAME)";
				SDKROOT = iphoneos;
				SWIFT_OPTIMIZATION_LEVEL = "-Owholemodule";
				SWIFT_VERSION = 3.0;
				TEST_TARGET_NAME = Globus;
				VALIDATE_PRODUCT = YES;
			};
			name = "Release-Production";
		};
		8BEDC8A31D50F38E00DD4812 /* AppStore */ = {
			isa = XCBuildConfiguration;
			buildSettings = {
				ALWAYS_SEARCH_USER_PATHS = NO;
				CLANG_ANALYZER_NONNULL = YES;
				CLANG_CXX_LANGUAGE_STANDARD = "gnu++0x";
				CLANG_CXX_LIBRARY = "libc++";
				CLANG_ENABLE_MODULES = YES;
				CLANG_ENABLE_OBJC_ARC = YES;
				CLANG_WARN_BOOL_CONVERSION = YES;
				CLANG_WARN_CONSTANT_CONVERSION = YES;
				CLANG_WARN_DIRECT_OBJC_ISA_USAGE = YES_ERROR;
				CLANG_WARN_DOCUMENTATION_COMMENTS = YES;
				CLANG_WARN_EMPTY_BODY = YES;
				CLANG_WARN_ENUM_CONVERSION = YES;
				CLANG_WARN_INFINITE_RECURSION = YES;
				CLANG_WARN_INT_CONVERSION = YES;
				CLANG_WARN_OBJC_ROOT_CLASS = YES_ERROR;
				CLANG_WARN_SUSPICIOUS_MOVES = YES;
				CLANG_WARN_UNREACHABLE_CODE = YES;
				CLANG_WARN__DUPLICATE_METHOD_MATCH = YES;
				"CODE_SIGN_IDENTITY[sdk=iphoneos*]" = "iPhone Developer";
				COPY_PHASE_STRIP = NO;
				DEBUG_INFORMATION_FORMAT = "dwarf-with-dsym";
				DEVELOPMENT_TEAM = 6R55RBD8VC;
				ENABLE_NS_ASSERTIONS = NO;
				ENABLE_STRICT_OBJC_MSGSEND = YES;
				GCC_C_LANGUAGE_STANDARD = gnu99;
				GCC_NO_COMMON_BLOCKS = YES;
				GCC_WARN_64_TO_32_BIT_CONVERSION = YES;
				GCC_WARN_ABOUT_RETURN_TYPE = YES_ERROR;
				GCC_WARN_UNDECLARED_SELECTOR = YES;
				GCC_WARN_UNINITIALIZED_AUTOS = YES_AGGRESSIVE;
				GCC_WARN_UNUSED_FUNCTION = YES;
				GCC_WARN_UNUSED_VARIABLE = YES;
				INFOPLIST_FILE = "Globus UITests/Info.plist";
				IPHONEOS_DEPLOYMENT_TARGET = 10.0;
				LD_RUNPATH_SEARCH_PATHS = "$(inherited) @executable_path/Frameworks @loader_path/Frameworks";
				MTL_ENABLE_DEBUG_INFO = NO;
				PRODUCT_BUNDLE_IDENTIFIER = "com.appculture.Globus-UITests";
				PRODUCT_NAME = "$(TARGET_NAME)";
				SDKROOT = iphoneos;
				SWIFT_OPTIMIZATION_LEVEL = "-Owholemodule";
				SWIFT_VERSION = 3.0;
				TEST_TARGET_NAME = Globus;
				VALIDATE_PRODUCT = YES;
			};
			name = AppStore;
		};
/* End XCBuildConfiguration section */

/* Begin XCConfigurationList section */
		8BEDC8471D50F01C00DD4812 /* Build configuration list for PBXProject "Globus" */ = {
			isa = XCConfigurationList;
			buildConfigurations = (
				8BEDC85C1D50F01C00DD4812 /* Debug-Develop */,
				8BEDC8741D50F34200DD4812 /* Debug-Stage */,
				8BEDC8781D50F35000DD4812 /* Debug-Production */,
				8BEDC85D1D50F01C00DD4812 /* Release-Develop */,
				8BEDC8761D50F34900DD4812 /* Release-Stage */,
				8BEDC87A1D50F35700DD4812 /* Release-Production */,
				8BEDC87C1D50F35E00DD4812 /* AppStore */,
			);
			defaultConfigurationIsVisible = 0;
			defaultConfigurationName = "Release-Production";
		};
		8BEDC85E1D50F01C00DD4812 /* Build configuration list for PBXNativeTarget "Globus" */ = {
			isa = XCConfigurationList;
			buildConfigurations = (
				8BEDC85F1D50F01C00DD4812 /* Debug-Develop */,
				8BEDC8751D50F34200DD4812 /* Debug-Stage */,
				8BEDC8791D50F35000DD4812 /* Debug-Production */,
				8BEDC8601D50F01C00DD4812 /* Release-Develop */,
				8BEDC8771D50F34900DD4812 /* Release-Stage */,
				8BEDC87B1D50F35700DD4812 /* Release-Production */,
				8BEDC87D1D50F35E00DD4812 /* AppStore */,
			);
			defaultConfigurationIsVisible = 0;
			defaultConfigurationName = "Release-Production";
		};
		8BEDC8891D50F38300DD4812 /* Build configuration list for PBXNativeTarget "Globus Tests" */ = {
			isa = XCConfigurationList;
			buildConfigurations = (
				8BEDC88A1D50F38300DD4812 /* Debug-Develop */,
				8BEDC88B1D50F38300DD4812 /* Debug-Stage */,
				8BEDC88C1D50F38300DD4812 /* Debug-Production */,
				8BEDC88D1D50F38300DD4812 /* Release-Develop */,
				8BEDC88E1D50F38300DD4812 /* Release-Stage */,
				8BEDC88F1D50F38300DD4812 /* Release-Production */,
				8BEDC8901D50F38300DD4812 /* AppStore */,
			);
			defaultConfigurationIsVisible = 0;
			defaultConfigurationName = "Release-Production";
		};
		8BEDC89C1D50F38E00DD4812 /* Build configuration list for PBXNativeTarget "Globus UITests" */ = {
			isa = XCConfigurationList;
			buildConfigurations = (
				8BEDC89D1D50F38E00DD4812 /* Debug-Develop */,
				8BEDC89E1D50F38E00DD4812 /* Debug-Stage */,
				8BEDC89F1D50F38E00DD4812 /* Debug-Production */,
				8BEDC8A01D50F38E00DD4812 /* Release-Develop */,
				8BEDC8A11D50F38E00DD4812 /* Release-Stage */,
				8BEDC8A21D50F38E00DD4812 /* Release-Production */,
				8BEDC8A31D50F38E00DD4812 /* AppStore */,
			);
			defaultConfigurationIsVisible = 0;
			defaultConfigurationName = "Release-Production";
		};
/* End XCConfigurationList section */

/* Begin XCVersionGroup section */
		8B5EB4DF1D8FE57800E94A3F /* Globus.xcdatamodeld */ = {
			isa = XCVersionGroup;
			children = (
				8B5EB4E01D8FE57800E94A3F /* Globus.xcdatamodel */,
			);
			currentVersion = 8B5EB4E01D8FE57800E94A3F /* Globus.xcdatamodel */;
			path = Globus.xcdatamodeld;
			sourceTree = "<group>";
			versionGroupType = wrapper.xcdatamodel;
		};
/* End XCVersionGroup section */
	};
	rootObject = 8BEDC8441D50F01C00DD4812 /* Project object */;
}
