<?xml version="1.0" encoding="UTF-8"?>
<Scheme
   LastUpgradeVersion = "0800"
   version = "1.7">
   <BuildAction
      parallelizeBuildables = "YES"
      buildImplicitDependencies = "YES">
      <PreActions>
         <ExecutionAction
            ActionType = "Xcode.IDEStandardExecutionActionsCore.ExecutionActionType.ShellScriptAction">
            <ActionContent
               title = "Run Script"
               scriptText = "cd $PROJECT_DIR&#10;&#10;OLD_BUILD=$(agvtool what-version -terse)&#10;&#10;agvtool next-version -all&#10;&#10;VERSION=$(agvtool what-marketing-version -terse1)&#10;NEW_BUILD=$(agvtool what-version -terse)&#10;&#10;echo &quot;Bumped build from $OLD_BUILD to $NEW_BUILD [Version: $VERSION Build: $NEW_BUILD]&quot; | pbcopy">
               <EnvironmentBuildable>
                  <BuildableReference
                     BuildableIdentifier = "primary"
                     BlueprintIdentifier = "8095AD9914DA9FC700874AB7"
                     BuildableName = "Globus.app"
                     BlueprintName = "Globus"
                     ReferencedContainer = "container:Globus.xcodeproj">
                  </BuildableReference>
               </EnvironmentBuildable>
            </ActionContent>
         </ExecutionAction>
      </PreActions>
      <BuildActionEntries>
         <BuildActionEntry
            buildForTesting = "YES"
            buildForRunning = "YES"
            buildForProfiling = "YES"
            buildForArchiving = "YES"
            buildForAnalyzing = "YES">
            <BuildableReference
               BuildableIdentifier = "primary"
               BlueprintIdentifier = "8095AD9914DA9FC700874AB7"
               BuildableName = "Globus.app"
               BlueprintName = "Globus"
               ReferencedContainer = "container:Globus.xcodeproj">
            </BuildableReference>
         </BuildActionEntry>
      </BuildActionEntries>
   </BuildAction>
   <TestAction
      buildConfiguration = "Debug-Stage"
      selectedDebuggerIdentifier = "Xcode.DebuggerFoundation.Debugger.LLDB"
      selectedLauncherIdentifier = "Xcode.DebuggerFoundation.Launcher.LLDB"
      shouldUseLaunchSchemeArgsEnv = "YES">
      <Testables>
         <TestableReference
            skipped = "NO">
            <BuildableReference
               BuildableIdentifier = "primary"
               BlueprintIdentifier = "8B90015F1D01C1EF00D43B0D"
               BuildableName = "GlobusUITests.xctest"
               BlueprintName = "GlobusUITests"
               ReferencedContainer = "container:Globus.xcodeproj">
            </BuildableReference>
         </TestableReference>
      </Testables>
      <MacroExpansion>
         <BuildableReference
            BuildableIdentifier = "primary"
            BlueprintIdentifier = "8095AD9914DA9FC700874AB7"
            BuildableName = "Globus.app"
            BlueprintName = "Globus"
            ReferencedContainer = "container:Globus.xcodeproj">
         </BuildableReference>
      </MacroExpansion>
      <AdditionalOptions>
      </AdditionalOptions>
   </TestAction>
   <LaunchAction
      buildConfiguration = "Debug-Stage"
      selectedDebuggerIdentifier = "Xcode.DebuggerFoundation.Debugger.LLDB"
      selectedLauncherIdentifier = "Xcode.DebuggerFoundation.Launcher.LLDB"
      launchStyle = "0"
      useCustomWorkingDirectory = "NO"
      ignoresPersistentStateOnLaunch = "NO"
      debugDocumentVersioning = "YES"
      debugServiceExtension = "internal"
      allowLocationSimulation = "YES">
      <BuildableProductRunnable
         runnableDebuggingMode = "0">
         <BuildableReference
            BuildableIdentifier = "primary"
            BlueprintIdentifier = "8095AD9914DA9FC700874AB7"
            BuildableName = "Globus.app"
            BlueprintName = "Globus"
            ReferencedContainer = "container:Globus.xcodeproj">
         </BuildableReference>
      </BuildableProductRunnable>
      <AdditionalOptions>
      </AdditionalOptions>
   </LaunchAction>
   <ProfileAction
      buildConfiguration = "Release-Stage"
      shouldUseLaunchSchemeArgsEnv = "YES"
      savedToolIdentifier = ""
      useCustomWorkingDirectory = "NO"
      debugDocumentVersioning = "YES">
      <BuildableProductRunnable
         runnableDebuggingMode = "0">
         <BuildableReference
            BuildableIdentifier = "primary"
            BlueprintIdentifier = "8095AD9914DA9FC700874AB7"
            BuildableName = "Globus.app"
            BlueprintName = "Globus"
            ReferencedContainer = "container:Globus.xcodeproj">
         </BuildableReference>
      </BuildableProductRunnable>
   </ProfileAction>
   <AnalyzeAction
      buildConfiguration = "Debug-Stage">
   </AnalyzeAction>
   <ArchiveAction
      buildConfiguration = "Release-Stage"
      revealArchiveInOrganizer = "YES">
   </ArchiveAction>
</Scheme>
